// !$*UTF8*$!
{
	archiveVersion = 1;
	classes = {
	};
	objectVersion = 55;
	objects = {

/* Begin PBXBuildFile section */
		4CFF1BE22E8800A59A9EB00D /* Pods_DesignSystem.framework in Frameworks */ = {isa = PBXBuildFile; fileRef = F23EBAA94EB71BAC3B317ABE /* Pods_DesignSystem.framework */; };
		7E36E36D291A658D009BC8FE /* TxInfoView.swift in Sources */ = {isa = PBXBuildFile; fileRef = 7E36E36B291A658C009BC8FE /* TxInfoView.swift */; };
		7E36E36E291A658D009BC8FE /* TxInfoView.xib in Resources */ = {isa = PBXBuildFile; fileRef = 7E36E36C291A658C009BC8FE /* TxInfoView.xib */; };
		7EAF4759291B5CB500BF5D00 /* UIViewController.swift in Sources */ = {isa = PBXBuildFile; fileRef = 7EAF4758291B5CB500BF5D00 /* UIViewController.swift */; };
		7EBC5506292E183E000EB8E0 /* TxToggleInfoView.swift in Sources */ = {isa = PBXBuildFile; fileRef = 7EBC5505292E183E000EB8E0 /* TxToggleInfoView.swift */; };
		7EBC5508292E1880000EB8E0 /* TxToggleInfoView.xib in Resources */ = {isa = PBXBuildFile; fileRef = 7EBC5507292E1880000EB8E0 /* TxToggleInfoView.xib */; };
		7ECC45C32939A70200B37D30 /* OverviewSkeletonCell.swift in Sources */ = {isa = PBXBuildFile; fileRef = 7ECC45C12939A70200B37D30 /* OverviewSkeletonCell.swift */; };
		7ECC45C42939A70200B37D30 /* OverviewSkeletonCell.xib in Resources */ = {isa = PBXBuildFile; fileRef = 7ECC45C22939A70200B37D30 /* OverviewSkeletonCell.xib */; };
		A61822242964306700EAF0A4 /* PopupViewController.swift in Sources */ = {isa = PBXBuildFile; fileRef = A61822222964306700EAF0A4 /* PopupViewController.swift */; };
		A63E21B1292F70110024328D /* ErrorView.swift in Sources */ = {isa = PBXBuildFile; fileRef = A63E21B0292F70110024328D /* ErrorView.swift */; };
		A63E21B3292F701C0024328D /* ErrorView.xib in Resources */ = {isa = PBXBuildFile; fileRef = A63E21B2292F701C0024328D /* ErrorView.xib */; };
		A64C2E1628F6F8AF002FD64C /* DashedLineView.swift in Sources */ = {isa = PBXBuildFile; fileRef = A64C2E1528F6F8AF002FD64C /* DashedLineView.swift */; };
		A64C2E1D28F6FA28002FD64C /* Font.swift in Sources */ = {isa = PBXBuildFile; fileRef = A64C2E1C28F6FA28002FD64C /* Font.swift */; };
		A64C2E1F28F6FC29002FD64C /* CountdownTimer.swift in Sources */ = {isa = PBXBuildFile; fileRef = A64C2E1E28F6FC29002FD64C /* CountdownTimer.swift */; };
		A64C2E2128F6FCD3002FD64C /* CircularArrowProgressView.swift in Sources */ = {isa = PBXBuildFile; fileRef = A64C2E2028F6FCD3002FD64C /* CircularArrowProgressView.swift */; };
		A64C2E2328F6FCF0002FD64C /* CircularArrowProgressView.xib in Resources */ = {isa = PBXBuildFile; fileRef = A64C2E2228F6FCF0002FD64C /* CircularArrowProgressView.xib */; };
		A64C2E2628F6FD28002FD64C /* PolygonView.swift in Sources */ = {isa = PBXBuildFile; fileRef = A64C2E2428F6FD28002FD64C /* PolygonView.swift */; };
		A64C2E2728F6FD28002FD64C /* CircleProgressView.swift in Sources */ = {isa = PBXBuildFile; fileRef = A64C2E2528F6FD28002FD64C /* CircleProgressView.swift */; };
		A64C2E2A28F6FDBC002FD64C /* Utilities.framework in Frameworks */ = {isa = PBXBuildFile; fileRef = A64C2E2928F6FDBC002FD64C /* Utilities.framework */; };
		A64C2E4C28F7F978002FD64C /* UIButton+.swift in Sources */ = {isa = PBXBuildFile; fileRef = A64C2E4B28F7F978002FD64C /* UIButton+.swift */; };
		A64C2E5928F819E0002FD64C /* MessageBanner.swift in Sources */ = {isa = PBXBuildFile; fileRef = A64C2E5828F819E0002FD64C /* MessageBanner.swift */; };
		A64F1D66290B942C000D4733 /* RadioButton.swift in Sources */ = {isa = PBXBuildFile; fileRef = A64F1D65290B942C000D4733 /* RadioButton.swift */; };
		A64F1D6C290B99F0000D4733 /* TabSegmentControl.swift in Sources */ = {isa = PBXBuildFile; fileRef = A64F1D6B290B99F0000D4733 /* TabSegmentControl.swift */; };
		A66846052907FBB0006BBE29 /* BottomMessagePopup.swift in Sources */ = {isa = PBXBuildFile; fileRef = A66846032907FBB0006BBE29 /* BottomMessagePopup.swift */; };
		A66846062907FBB0006BBE29 /* BottomMessagePopup.xib in Resources */ = {isa = PBXBuildFile; fileRef = A66846042907FBB0006BBE29 /* BottomMessagePopup.xib */; };
		A66846132908DE16006BBE29 /* ListEmptyView.swift in Sources */ = {isa = PBXBuildFile; fileRef = A66846112908DE16006BBE29 /* ListEmptyView.swift */; };
		A66846142908DE16006BBE29 /* ListEmptyView.xib in Resources */ = {isa = PBXBuildFile; fileRef = A66846122908DE16006BBE29 /* ListEmptyView.xib */; };
		A668BFD1292CBEDE001A110D /* GrowingTextView.swift in Sources */ = {isa = PBXBuildFile; fileRef = A668BFD0292CBEDE001A110D /* GrowingTextView.swift */; };
		A66C3B8129B07B78004A3DDB /* CheckBox.swift in Sources */ = {isa = PBXBuildFile; fileRef = A66C3B8029B07B78004A3DDB /* CheckBox.swift */; };
		A6B1FD2928F6B8CB00894DCB /* DesignSystem.h in Headers */ = {isa = PBXBuildFile; fileRef = A6B1FD2828F6B8CB00894DCB /* DesignSystem.h */; settings = {ATTRIBUTES = (Public, ); }; };
		A6B1FD3028F6B8E200894DCB /* ThemeProtocol.swift in Sources */ = {isa = PBXBuildFile; fileRef = A6B1FD2F28F6B8E200894DCB /* ThemeProtocol.swift */; };
		A6B1FD3228F6BA2300894DCB /* Assets.xcassets in Resources */ = {isa = PBXBuildFile; fileRef = A6B1FD3128F6BA2300894DCB /* Assets.xcassets */; };
		A6B1FD3528F6BF2600894DCB /* KrystalTheme.swift in Sources */ = {isa = PBXBuildFile; fileRef = A6B1FD3428F6BF2600894DCB /* KrystalTheme.swift */; };
		A6B1FD3728F6C20300894DCB /* AppTheme.swift in Sources */ = {isa = PBXBuildFile; fileRef = A6B1FD3628F6C20300894DCB /* AppTheme.swift */; };
		A6C256CD293DFF6400D4B2BE /* RectangularDashedView.swift in Sources */ = {isa = PBXBuildFile; fileRef = A6C256CC293DFF6400D4B2BE /* RectangularDashedView.swift */; };
/* End PBXBuildFile section */

/* Begin PBXFileReference section */
		7E36E36B291A658C009BC8FE /* TxInfoView.swift */ = {isa = PBXFileReference; fileEncoding = 4; lastKnownFileType = sourcecode.swift; path = TxInfoView.swift; sourceTree = "<group>"; };
		7E36E36C291A658C009BC8FE /* TxInfoView.xib */ = {isa = PBXFileReference; fileEncoding = 4; lastKnownFileType = file.xib; path = TxInfoView.xib; sourceTree = "<group>"; };
		7EAF4758291B5CB500BF5D00 /* UIViewController.swift */ = {isa = PBXFileReference; fileEncoding = 4; lastKnownFileType = sourcecode.swift; path = UIViewController.swift; sourceTree = "<group>"; };
		7EBC5505292E183E000EB8E0 /* TxToggleInfoView.swift */ = {isa = PBXFileReference; lastKnownFileType = sourcecode.swift; path = TxToggleInfoView.swift; sourceTree = "<group>"; };
		7EBC5507292E1880000EB8E0 /* TxToggleInfoView.xib */ = {isa = PBXFileReference; lastKnownFileType = file.xib; path = TxToggleInfoView.xib; sourceTree = "<group>"; };
		7ECC45C12939A70200B37D30 /* OverviewSkeletonCell.swift */ = {isa = PBXFileReference; fileEncoding = 4; lastKnownFileType = sourcecode.swift; path = OverviewSkeletonCell.swift; sourceTree = "<group>"; };
		7ECC45C22939A70200B37D30 /* OverviewSkeletonCell.xib */ = {isa = PBXFileReference; fileEncoding = 4; lastKnownFileType = file.xib; path = OverviewSkeletonCell.xib; sourceTree = "<group>"; };
		A61822222964306700EAF0A4 /* PopupViewController.swift */ = {isa = PBXFileReference; lastKnownFileType = sourcecode.swift; path = PopupViewController.swift; sourceTree = "<group>"; };
		A63E21B0292F70110024328D /* ErrorView.swift */ = {isa = PBXFileReference; lastKnownFileType = sourcecode.swift; path = ErrorView.swift; sourceTree = "<group>"; };
		A63E21B2292F701C0024328D /* ErrorView.xib */ = {isa = PBXFileReference; lastKnownFileType = file.xib; path = ErrorView.xib; sourceTree = "<group>"; };
		A64C2E1528F6F8AF002FD64C /* DashedLineView.swift */ = {isa = PBXFileReference; lastKnownFileType = sourcecode.swift; path = DashedLineView.swift; sourceTree = "<group>"; };
		A64C2E1C28F6FA28002FD64C /* Font.swift */ = {isa = PBXFileReference; lastKnownFileType = sourcecode.swift; path = Font.swift; sourceTree = "<group>"; };
		A64C2E1E28F6FC29002FD64C /* CountdownTimer.swift */ = {isa = PBXFileReference; lastKnownFileType = sourcecode.swift; path = CountdownTimer.swift; sourceTree = "<group>"; };
		A64C2E2028F6FCD3002FD64C /* CircularArrowProgressView.swift */ = {isa = PBXFileReference; lastKnownFileType = sourcecode.swift; path = CircularArrowProgressView.swift; sourceTree = "<group>"; };
		A64C2E2228F6FCF0002FD64C /* CircularArrowProgressView.xib */ = {isa = PBXFileReference; fileEncoding = 4; lastKnownFileType = file.xib; path = CircularArrowProgressView.xib; sourceTree = "<group>"; };
		A64C2E2428F6FD28002FD64C /* PolygonView.swift */ = {isa = PBXFileReference; fileEncoding = 4; lastKnownFileType = sourcecode.swift; path = PolygonView.swift; sourceTree = "<group>"; };
		A64C2E2528F6FD28002FD64C /* CircleProgressView.swift */ = {isa = PBXFileReference; fileEncoding = 4; lastKnownFileType = sourcecode.swift; path = CircleProgressView.swift; sourceTree = "<group>"; };
		A64C2E2928F6FDBC002FD64C /* Utilities.framework */ = {isa = PBXFileReference; explicitFileType = wrapper.framework; path = Utilities.framework; sourceTree = BUILT_PRODUCTS_DIR; };
		A64C2E4B28F7F978002FD64C /* UIButton+.swift */ = {isa = PBXFileReference; lastKnownFileType = sourcecode.swift; path = "UIButton+.swift"; sourceTree = "<group>"; };
		A64C2E5828F819E0002FD64C /* MessageBanner.swift */ = {isa = PBXFileReference; lastKnownFileType = sourcecode.swift; path = MessageBanner.swift; sourceTree = "<group>"; };
		A64F1D65290B942C000D4733 /* RadioButton.swift */ = {isa = PBXFileReference; lastKnownFileType = sourcecode.swift; path = RadioButton.swift; sourceTree = "<group>"; };
		A64F1D6B290B99F0000D4733 /* TabSegmentControl.swift */ = {isa = PBXFileReference; lastKnownFileType = sourcecode.swift; path = TabSegmentControl.swift; sourceTree = "<group>"; };
		A66846032907FBB0006BBE29 /* BottomMessagePopup.swift */ = {isa = PBXFileReference; lastKnownFileType = sourcecode.swift; path = BottomMessagePopup.swift; sourceTree = "<group>"; };
		A66846042907FBB0006BBE29 /* BottomMessagePopup.xib */ = {isa = PBXFileReference; lastKnownFileType = file.xib; path = BottomMessagePopup.xib; sourceTree = "<group>"; };
		A66846112908DE16006BBE29 /* ListEmptyView.swift */ = {isa = PBXFileReference; fileEncoding = 4; lastKnownFileType = sourcecode.swift; path = ListEmptyView.swift; sourceTree = "<group>"; };
		A66846122908DE16006BBE29 /* ListEmptyView.xib */ = {isa = PBXFileReference; fileEncoding = 4; lastKnownFileType = file.xib; path = ListEmptyView.xib; sourceTree = "<group>"; };
		A668BFD0292CBEDE001A110D /* GrowingTextView.swift */ = {isa = PBXFileReference; fileEncoding = 4; lastKnownFileType = sourcecode.swift; path = GrowingTextView.swift; sourceTree = "<group>"; };
		A66C3B8029B07B78004A3DDB /* CheckBox.swift */ = {isa = PBXFileReference; lastKnownFileType = sourcecode.swift; path = CheckBox.swift; sourceTree = "<group>"; };
		A6B1FD2528F6B8CB00894DCB /* DesignSystem.framework */ = {isa = PBXFileReference; explicitFileType = wrapper.framework; includeInIndex = 0; path = DesignSystem.framework; sourceTree = BUILT_PRODUCTS_DIR; };
		A6B1FD2828F6B8CB00894DCB /* DesignSystem.h */ = {isa = PBXFileReference; lastKnownFileType = sourcecode.c.h; path = DesignSystem.h; sourceTree = "<group>"; };
		A6B1FD2F28F6B8E200894DCB /* ThemeProtocol.swift */ = {isa = PBXFileReference; lastKnownFileType = sourcecode.swift; path = ThemeProtocol.swift; sourceTree = "<group>"; };
		A6B1FD3128F6BA2300894DCB /* Assets.xcassets */ = {isa = PBXFileReference; lastKnownFileType = folder.assetcatalog; path = Assets.xcassets; sourceTree = "<group>"; };
		A6B1FD3428F6BF2600894DCB /* KrystalTheme.swift */ = {isa = PBXFileReference; lastKnownFileType = sourcecode.swift; path = KrystalTheme.swift; sourceTree = "<group>"; };
		A6B1FD3628F6C20300894DCB /* AppTheme.swift */ = {isa = PBXFileReference; lastKnownFileType = sourcecode.swift; path = AppTheme.swift; sourceTree = "<group>"; };
		A6C256CC293DFF6400D4B2BE /* RectangularDashedView.swift */ = {isa = PBXFileReference; fileEncoding = 4; lastKnownFileType = sourcecode.swift; path = RectangularDashedView.swift; sourceTree = "<group>"; };
		F23EBAA94EB71BAC3B317ABE /* Pods_DesignSystem.framework */ = {isa = PBXFileReference; explicitFileType = wrapper.framework; includeInIndex = 0; path = Pods_DesignSystem.framework; sourceTree = BUILT_PRODUCTS_DIR; };
		F88EAA441FE04BF11AF27BAB /* Pods-DesignSystem.release.xcconfig */ = {isa = PBXFileReference; includeInIndex = 1; lastKnownFileType = text.xcconfig; name = "Pods-DesignSystem.release.xcconfig"; path = "Target Support Files/Pods-DesignSystem/Pods-DesignSystem.release.xcconfig"; sourceTree = "<group>"; };
		FCF7F2DAA54858DEE3D45C8C /* Pods-DesignSystem.debug.xcconfig */ = {isa = PBXFileReference; includeInIndex = 1; lastKnownFileType = text.xcconfig; name = "Pods-DesignSystem.debug.xcconfig"; path = "Target Support Files/Pods-DesignSystem/Pods-DesignSystem.debug.xcconfig"; sourceTree = "<group>"; };
/* End PBXFileReference section */

/* Begin PBXFrameworksBuildPhase section */
		A6B1FD2228F6B8CB00894DCB /* Frameworks */ = {
			isa = PBXFrameworksBuildPhase;
			buildActionMask = 2147483647;
			files = (
				A64C2E2A28F6FDBC002FD64C /* Utilities.framework in Frameworks */,
				4CFF1BE22E8800A59A9EB00D /* Pods_DesignSystem.framework in Frameworks */,
			);
			runOnlyForDeploymentPostprocessing = 0;
		};
/* End PBXFrameworksBuildPhase section */

/* Begin PBXGroup section */
		32CB58FAAB337FE2CCDD8010 /* Pods */ = {
			isa = PBXGroup;
			children = (
				FCF7F2DAA54858DEE3D45C8C /* Pods-DesignSystem.debug.xcconfig */,
				F88EAA441FE04BF11AF27BAB /* Pods-DesignSystem.release.xcconfig */,
			);
			name = Pods;
			path = ../Pods;
			sourceTree = "<group>";
		};
		A61822212964303200EAF0A4 /* Popup */ = {
			isa = PBXGroup;
			children = (
				A61822222964306700EAF0A4 /* PopupViewController.swift */,
			);
			path = Popup;
			sourceTree = "<group>";
		};
		A64C2E1428F6F891002FD64C /* Components */ = {
			isa = PBXGroup;
			children = (
				A61822212964303200EAF0A4 /* Popup */,
				7ECC45C12939A70200B37D30 /* OverviewSkeletonCell.swift */,
				7ECC45C22939A70200B37D30 /* OverviewSkeletonCell.xib */,
				A6C256CC293DFF6400D4B2BE /* RectangularDashedView.swift */,
				A668BFD0292CBEDE001A110D /* GrowingTextView.swift */,
				7E36E36B291A658C009BC8FE /* TxInfoView.swift */,
				7E36E36C291A658C009BC8FE /* TxInfoView.xib */,
				A66846112908DE16006BBE29 /* ListEmptyView.swift */,
				A66846122908DE16006BBE29 /* ListEmptyView.xib */,
				A64C2E2528F6FD28002FD64C /* CircleProgressView.swift */,
				A64C2E2428F6FD28002FD64C /* PolygonView.swift */,
				A64C2E1528F6F8AF002FD64C /* DashedLineView.swift */,
				A64C2E1E28F6FC29002FD64C /* CountdownTimer.swift */,
				A64C2E2028F6FCD3002FD64C /* CircularArrowProgressView.swift */,
				A64C2E2228F6FCF0002FD64C /* CircularArrowProgressView.xib */,
				A64C2E5828F819E0002FD64C /* MessageBanner.swift */,
				A66846032907FBB0006BBE29 /* BottomMessagePopup.swift */,
				A66846042907FBB0006BBE29 /* BottomMessagePopup.xib */,
				A64F1D65290B942C000D4733 /* RadioButton.swift */,
				A64F1D6B290B99F0000D4733 /* TabSegmentControl.swift */,
				A63E21B0292F70110024328D /* ErrorView.swift */,
				A63E21B2292F701C0024328D /* ErrorView.xib */,
				7EBC5505292E183E000EB8E0 /* TxToggleInfoView.swift */,
				7EBC5507292E1880000EB8E0 /* TxToggleInfoView.xib */,
				A66C3B8029B07B78004A3DDB /* CheckBox.swift */,
			);
			path = Components;
			sourceTree = "<group>";
		};
		A64C2E1B28F6FA15002FD64C /* Font */ = {
			isa = PBXGroup;
			children = (
				A64C2E1C28F6FA28002FD64C /* Font.swift */,
			);
			path = Font;
			sourceTree = "<group>";
		};
		A64C2E2828F6FDBC002FD64C /* Frameworks */ = {
			isa = PBXGroup;
			children = (
				A64C2E2928F6FDBC002FD64C /* Utilities.framework */,
				F23EBAA94EB71BAC3B317ABE /* Pods_DesignSystem.framework */,
			);
			name = Frameworks;
			sourceTree = "<group>";
		};
		A64C2E4A28F7F970002FD64C /* Extensions */ = {
			isa = PBXGroup;
			children = (
				7EAF4758291B5CB500BF5D00 /* UIViewController.swift */,
				A64C2E4B28F7F978002FD64C /* UIButton+.swift */,
			);
			path = Extensions;
			sourceTree = "<group>";
		};
		A6B1FD1B28F6B8CB00894DCB = {
			isa = PBXGroup;
			children = (
				A6B1FD2728F6B8CB00894DCB /* DesignSystem */,
				A6B1FD2628F6B8CB00894DCB /* Products */,
				A64C2E2828F6FDBC002FD64C /* Frameworks */,
				32CB58FAAB337FE2CCDD8010 /* Pods */,
			);
			sourceTree = "<group>";
		};
		A6B1FD2628F6B8CB00894DCB /* Products */ = {
			isa = PBXGroup;
			children = (
				A6B1FD2528F6B8CB00894DCB /* DesignSystem.framework */,
			);
			name = Products;
			sourceTree = "<group>";
		};
		A6B1FD2728F6B8CB00894DCB /* DesignSystem */ = {
			isa = PBXGroup;
			children = (
				A64C2E4A28F7F970002FD64C /* Extensions */,
				A64C2E1B28F6FA15002FD64C /* Font */,
				A64C2E1428F6F891002FD64C /* Components */,
				A6B1FD3328F6BF1C00894DCB /* Themes */,
				A6B1FD2828F6B8CB00894DCB /* DesignSystem.h */,
				A6B1FD3128F6BA2300894DCB /* Assets.xcassets */,
			);
			path = DesignSystem;
			sourceTree = "<group>";
		};
		A6B1FD3328F6BF1C00894DCB /* Themes */ = {
			isa = PBXGroup;
			children = (
				A6B1FD2F28F6B8E200894DCB /* ThemeProtocol.swift */,
				A6B1FD3428F6BF2600894DCB /* KrystalTheme.swift */,
				A6B1FD3628F6C20300894DCB /* AppTheme.swift */,
			);
			path = Themes;
			sourceTree = "<group>";
		};
/* End PBXGroup section */

/* Begin PBXHeadersBuildPhase section */
		A6B1FD2028F6B8CB00894DCB /* Headers */ = {
			isa = PBXHeadersBuildPhase;
			buildActionMask = 2147483647;
			files = (
				A6B1FD2928F6B8CB00894DCB /* DesignSystem.h in Headers */,
			);
			runOnlyForDeploymentPostprocessing = 0;
		};
/* End PBXHeadersBuildPhase section */

/* Begin PBXNativeTarget section */
		A6B1FD2428F6B8CB00894DCB /* DesignSystem */ = {
			isa = PBXNativeTarget;
			buildConfigurationList = A6B1FD2C28F6B8CB00894DCB /* Build configuration list for PBXNativeTarget "DesignSystem" */;
			buildPhases = (
				AE48D278E4D96B261A898BF4 /* [CP] Check Pods Manifest.lock */,
				A6B1FD2028F6B8CB00894DCB /* Headers */,
				A6B1FD2128F6B8CB00894DCB /* Sources */,
				A6B1FD2228F6B8CB00894DCB /* Frameworks */,
				A6B1FD2328F6B8CB00894DCB /* Resources */,
			);
			buildRules = (
			);
			dependencies = (
			);
			name = DesignSystem;
			productName = DesignSystem;
			productReference = A6B1FD2528F6B8CB00894DCB /* DesignSystem.framework */;
			productType = "com.apple.product-type.framework";
		};
/* End PBXNativeTarget section */

/* Begin PBXProject section */
		A6B1FD1C28F6B8CB00894DCB /* Project object */ = {
			isa = PBXProject;
			attributes = {
				BuildIndependentTargetsInParallel = 1;
				LastUpgradeCheck = 1340;
				TargetAttributes = {
					A6B1FD2428F6B8CB00894DCB = {
						CreatedOnToolsVersion = 13.4;
						LastSwiftMigration = 1340;
					};
				};
			};
			buildConfigurationList = A6B1FD1F28F6B8CB00894DCB /* Build configuration list for PBXProject "DesignSystem" */;
			compatibilityVersion = "Xcode 13.0";
			developmentRegion = en;
			hasScannedForEncodings = 0;
			knownRegions = (
				en,
				Base,
			);
			mainGroup = A6B1FD1B28F6B8CB00894DCB;
			productRefGroup = A6B1FD2628F6B8CB00894DCB /* Products */;
			projectDirPath = "";
			projectRoot = "";
			targets = (
				A6B1FD2428F6B8CB00894DCB /* DesignSystem */,
			);
		};
/* End PBXProject section */

/* Begin PBXResourcesBuildPhase section */
		A6B1FD2328F6B8CB00894DCB /* Resources */ = {
			isa = PBXResourcesBuildPhase;
			buildActionMask = 2147483647;
			files = (
				7EBC5508292E1880000EB8E0 /* TxToggleInfoView.xib in Resources */,
				A66846142908DE16006BBE29 /* ListEmptyView.xib in Resources */,
				7E36E36E291A658D009BC8FE /* TxInfoView.xib in Resources */,
				A64C2E2328F6FCF0002FD64C /* CircularArrowProgressView.xib in Resources */,
				A63E21B3292F701C0024328D /* ErrorView.xib in Resources */,
				7ECC45C42939A70200B37D30 /* OverviewSkeletonCell.xib in Resources */,
				A66846062907FBB0006BBE29 /* BottomMessagePopup.xib in Resources */,
				A6B1FD3228F6BA2300894DCB /* Assets.xcassets in Resources */,
			);
			runOnlyForDeploymentPostprocessing = 0;
		};
/* End PBXResourcesBuildPhase section */

/* Begin PBXShellScriptBuildPhase section */
		AE48D278E4D96B261A898BF4 /* [CP] Check Pods Manifest.lock */ = {
			isa = PBXShellScriptBuildPhase;
			buildActionMask = 2147483647;
			files = (
			);
			inputFileListPaths = (
			);
			inputPaths = (
				"${PODS_PODFILE_DIR_PATH}/Podfile.lock",
				"${PODS_ROOT}/Manifest.lock",
			);
			name = "[CP] Check Pods Manifest.lock";
			outputFileListPaths = (
			);
			outputPaths = (
				"$(DERIVED_FILE_DIR)/Pods-DesignSystem-checkManifestLockResult.txt",
			);
			runOnlyForDeploymentPostprocessing = 0;
			shellPath = /bin/sh;
			shellScript = "diff \"${PODS_PODFILE_DIR_PATH}/Podfile.lock\" \"${PODS_ROOT}/Manifest.lock\" > /dev/null\nif [ $? != 0 ] ; then\n    # print error to STDERR\n    echo \"error: The sandbox is not in sync with the Podfile.lock. Run 'pod install' or update your CocoaPods installation.\" >&2\n    exit 1\nfi\n# This output is used by Xcode 'outputs' to avoid re-running this script phase.\necho \"SUCCESS\" > \"${SCRIPT_OUTPUT_FILE_0}\"\n";
			showEnvVarsInLog = 0;
		};
/* End PBXShellScriptBuildPhase section */

/* Begin PBXSourcesBuildPhase section */
		A6B1FD2128F6B8CB00894DCB /* Sources */ = {
			isa = PBXSourcesBuildPhase;
			buildActionMask = 2147483647;
			files = (
				A6B1FD3728F6C20300894DCB /* AppTheme.swift in Sources */,
				A64F1D66290B942C000D4733 /* RadioButton.swift in Sources */,
				A63E21B1292F70110024328D /* ErrorView.swift in Sources */,
				A66846052907FBB0006BBE29 /* BottomMessagePopup.swift in Sources */,
				A6B1FD3528F6BF2600894DCB /* KrystalTheme.swift in Sources */,
				A66846132908DE16006BBE29 /* ListEmptyView.swift in Sources */,
				A64C2E2728F6FD28002FD64C /* CircleProgressView.swift in Sources */,
				A61822242964306700EAF0A4 /* PopupViewController.swift in Sources */,
				A66C3B8129B07B78004A3DDB /* CheckBox.swift in Sources */,
				A64C2E1D28F6FA28002FD64C /* Font.swift in Sources */,
				A6B1FD3028F6B8E200894DCB /* ThemeProtocol.swift in Sources */,
				7EAF4759291B5CB500BF5D00 /* UIViewController.swift in Sources */,
				A64C2E1F28F6FC29002FD64C /* CountdownTimer.swift in Sources */,
				A64F1D6C290B99F0000D4733 /* TabSegmentControl.swift in Sources */,
				A64C2E1628F6F8AF002FD64C /* DashedLineView.swift in Sources */,
				A64C2E2128F6FCD3002FD64C /* CircularArrowProgressView.swift in Sources */,
				A64C2E5928F819E0002FD64C /* MessageBanner.swift in Sources */,
				A64C2E2628F6FD28002FD64C /* PolygonView.swift in Sources */,
				A668BFD1292CBEDE001A110D /* GrowingTextView.swift in Sources */,
				A64C2E4C28F7F978002FD64C /* UIButton+.swift in Sources */,
				7ECC45C32939A70200B37D30 /* OverviewSkeletonCell.swift in Sources */,
				7EBC5506292E183E000EB8E0 /* TxToggleInfoView.swift in Sources */,
				7E36E36D291A658D009BC8FE /* TxInfoView.swift in Sources */,
				A6C256CD293DFF6400D4B2BE /* RectangularDashedView.swift in Sources */,
			);
			runOnlyForDeploymentPostprocessing = 0;
		};
/* End PBXSourcesBuildPhase section */

/* Begin XCBuildConfiguration section */
		A6B1FD2A28F6B8CB00894DCB /* Debug */ = {
			isa = XCBuildConfiguration;
			buildSettings = {
				ALWAYS_SEARCH_USER_PATHS = NO;
				CLANG_ANALYZER_NONNULL = YES;
				CLANG_ANALYZER_NUMBER_OBJECT_CONVERSION = YES_AGGRESSIVE;
				CLANG_CXX_LANGUAGE_STANDARD = "gnu++17";
				CLANG_ENABLE_MODULES = YES;
				CLANG_ENABLE_OBJC_ARC = YES;
				CLANG_ENABLE_OBJC_WEAK = YES;
				CLANG_WARN_BLOCK_CAPTURE_AUTORELEASING = YES;
				CLANG_WARN_BOOL_CONVERSION = YES;
				CLANG_WARN_COMMA = YES;
				CLANG_WARN_CONSTANT_CONVERSION = YES;
				CLANG_WARN_DEPRECATED_OBJC_IMPLEMENTATIONS = YES;
				CLANG_WARN_DIRECT_OBJC_ISA_USAGE = YES_ERROR;
				CLANG_WARN_DOCUMENTATION_COMMENTS = YES;
				CLANG_WARN_EMPTY_BODY = YES;
				CLANG_WARN_ENUM_CONVERSION = YES;
				CLANG_WARN_INFINITE_RECURSION = YES;
				CLANG_WARN_INT_CONVERSION = YES;
				CLANG_WARN_NON_LITERAL_NULL_CONVERSION = YES;
				CLANG_WARN_OBJC_IMPLICIT_RETAIN_SELF = YES;
				CLANG_WARN_OBJC_LITERAL_CONVERSION = YES;
				CLANG_WARN_OBJC_ROOT_CLASS = YES_ERROR;
				CLANG_WARN_QUOTED_INCLUDE_IN_FRAMEWORK_HEADER = YES;
				CLANG_WARN_RANGE_LOOP_ANALYSIS = YES;
				CLANG_WARN_STRICT_PROTOTYPES = YES;
				CLANG_WARN_SUSPICIOUS_MOVE = YES;
				CLANG_WARN_UNGUARDED_AVAILABILITY = YES_AGGRESSIVE;
				CLANG_WARN_UNREACHABLE_CODE = YES;
				CLANG_WARN__DUPLICATE_METHOD_MATCH = YES;
				COPY_PHASE_STRIP = NO;
				CURRENT_PROJECT_VERSION = 1;
				DEBUG_INFORMATION_FORMAT = dwarf;
				ENABLE_STRICT_OBJC_MSGSEND = YES;
				ENABLE_TESTABILITY = YES;
				GCC_C_LANGUAGE_STANDARD = gnu11;
				GCC_DYNAMIC_NO_PIC = NO;
				GCC_NO_COMMON_BLOCKS = YES;
				GCC_OPTIMIZATION_LEVEL = 0;
				GCC_PREPROCESSOR_DEFINITIONS = (
					"DEBUG=1",
					"$(inherited)",
				);
				GCC_WARN_64_TO_32_BIT_CONVERSION = YES;
				GCC_WARN_ABOUT_RETURN_TYPE = YES_ERROR;
				GCC_WARN_UNDECLARED_SELECTOR = YES;
				GCC_WARN_UNINITIALIZED_AUTOS = YES_AGGRESSIVE;
				GCC_WARN_UNUSED_FUNCTION = YES;
				GCC_WARN_UNUSED_VARIABLE = YES;
				IPHONEOS_DEPLOYMENT_TARGET = 15.5;
				MTL_ENABLE_DEBUG_INFO = INCLUDE_SOURCE;
				MTL_FAST_MATH = YES;
				ONLY_ACTIVE_ARCH = YES;
				SDKROOT = iphoneos;
				SWIFT_ACTIVE_COMPILATION_CONDITIONS = DEBUG;
				SWIFT_OPTIMIZATION_LEVEL = "-Onone";
				VERSIONING_SYSTEM = "apple-generic";
				VERSION_INFO_PREFIX = "";
			};
			name = Debug;
		};
		A6B1FD2B28F6B8CB00894DCB /* Release */ = {
			isa = XCBuildConfiguration;
			buildSettings = {
				ALWAYS_SEARCH_USER_PATHS = NO;
				CLANG_ANALYZER_NONNULL = YES;
				CLANG_ANALYZER_NUMBER_OBJECT_CONVERSION = YES_AGGRESSIVE;
				CLANG_CXX_LANGUAGE_STANDARD = "gnu++17";
				CLANG_ENABLE_MODULES = YES;
				CLANG_ENABLE_OBJC_ARC = YES;
				CLANG_ENABLE_OBJC_WEAK = YES;
				CLANG_WARN_BLOCK_CAPTURE_AUTORELEASING = YES;
				CLANG_WARN_BOOL_CONVERSION = YES;
				CLANG_WARN_COMMA = YES;
				CLANG_WARN_CONSTANT_CONVERSION = YES;
				CLANG_WARN_DEPRECATED_OBJC_IMPLEMENTATIONS = YES;
				CLANG_WARN_DIRECT_OBJC_ISA_USAGE = YES_ERROR;
				CLANG_WARN_DOCUMENTATION_COMMENTS = YES;
				CLANG_WARN_EMPTY_BODY = YES;
				CLANG_WARN_ENUM_CONVERSION = YES;
				CLANG_WARN_INFINITE_RECURSION = YES;
				CLANG_WARN_INT_CONVERSION = YES;
				CLANG_WARN_NON_LITERAL_NULL_CONVERSION = YES;
				CLANG_WARN_OBJC_IMPLICIT_RETAIN_SELF = YES;
				CLANG_WARN_OBJC_LITERAL_CONVERSION = YES;
				CLANG_WARN_OBJC_ROOT_CLASS = YES_ERROR;
				CLANG_WARN_QUOTED_INCLUDE_IN_FRAMEWORK_HEADER = YES;
				CLANG_WARN_RANGE_LOOP_ANALYSIS = YES;
				CLANG_WARN_STRICT_PROTOTYPES = YES;
				CLANG_WARN_SUSPICIOUS_MOVE = YES;
				CLANG_WARN_UNGUARDED_AVAILABILITY = YES_AGGRESSIVE;
				CLANG_WARN_UNREACHABLE_CODE = YES;
				CLANG_WARN__DUPLICATE_METHOD_MATCH = YES;
				COPY_PHASE_STRIP = NO;
				CURRENT_PROJECT_VERSION = 1;
				DEBUG_INFORMATION_FORMAT = "dwarf-with-dsym";
				ENABLE_NS_ASSERTIONS = NO;
				ENABLE_STRICT_OBJC_MSGSEND = YES;
				GCC_C_LANGUAGE_STANDARD = gnu11;
				GCC_NO_COMMON_BLOCKS = YES;
				GCC_WARN_64_TO_32_BIT_CONVERSION = YES;
				GCC_WARN_ABOUT_RETURN_TYPE = YES_ERROR;
				GCC_WARN_UNDECLARED_SELECTOR = YES;
				GCC_WARN_UNINITIALIZED_AUTOS = YES_AGGRESSIVE;
				GCC_WARN_UNUSED_FUNCTION = YES;
				GCC_WARN_UNUSED_VARIABLE = YES;
				IPHONEOS_DEPLOYMENT_TARGET = 15.5;
				MTL_ENABLE_DEBUG_INFO = NO;
				MTL_FAST_MATH = YES;
				SDKROOT = iphoneos;
				SWIFT_COMPILATION_MODE = wholemodule;
				SWIFT_OPTIMIZATION_LEVEL = "-O";
				VALIDATE_PRODUCT = YES;
				VERSIONING_SYSTEM = "apple-generic";
				VERSION_INFO_PREFIX = "";
			};
			name = Release;
		};
		A6B1FD2D28F6B8CB00894DCB /* Debug */ = {
			isa = XCBuildConfiguration;
			baseConfigurationReference = FCF7F2DAA54858DEE3D45C8C /* Pods-DesignSystem.debug.xcconfig */;
			buildSettings = {
				CLANG_ENABLE_MODULES = YES;
				CODE_SIGN_STYLE = Automatic;
				CURRENT_PROJECT_VERSION = 1;
				DEFINES_MODULE = YES;
				DEVELOPMENT_TEAM = G9CRYMTLBL;
				DYLIB_COMPATIBILITY_VERSION = 1;
				DYLIB_CURRENT_VERSION = 1;
				DYLIB_INSTALL_NAME_BASE = "@rpath";
				GENERATE_INFOPLIST_FILE = YES;
				INFOPLIST_KEY_NSHumanReadableCopyright = "";
				INSTALL_PATH = "$(LOCAL_LIBRARY_DIR)/Frameworks";
				IPHONEOS_DEPLOYMENT_TARGET = 12.0;
				LD_RUNPATH_SEARCH_PATHS = (
					"$(inherited)",
					"@executable_path/Frameworks",
					"@loader_path/Frameworks",
				);
				MARKETING_VERSION = 1.0;
				PRODUCT_BUNDLE_IDENTIFIER = com.kyrd.krystal.ios.system.design;
				PRODUCT_NAME = "$(TARGET_NAME:c99extidentifier)";
				SKIP_INSTALL = YES;
				SUPPORTS_MACCATALYST = NO;
				SWIFT_EMIT_LOC_STRINGS = YES;
				SWIFT_OPTIMIZATION_LEVEL = "-Onone";
				SWIFT_VERSION = 5.0;
				TARGETED_DEVICE_FAMILY = "1,2";
			};
			name = Debug;
		};
		A6B1FD2E28F6B8CB00894DCB /* Release */ = {
			isa = XCBuildConfiguration;
			baseConfigurationReference = F88EAA441FE04BF11AF27BAB /* Pods-DesignSystem.release.xcconfig */;
			buildSettings = {
				CLANG_ENABLE_MODULES = YES;
				CODE_SIGN_STYLE = Automatic;
				CURRENT_PROJECT_VERSION = 1;
				DEFINES_MODULE = YES;
				DEVELOPMENT_TEAM = G9CRYMTLBL;
				DYLIB_COMPATIBILITY_VERSION = 1;
				DYLIB_CURRENT_VERSION = 1;
				DYLIB_INSTALL_NAME_BASE = "@rpath";
				GENERATE_INFOPLIST_FILE = YES;
				INFOPLIST_KEY_NSHumanReadableCopyright = "";
				INSTALL_PATH = "$(LOCAL_LIBRARY_DIR)/Frameworks";
				IPHONEOS_DEPLOYMENT_TARGET = 12.0;
				LD_RUNPATH_SEARCH_PATHS = (
					"$(inherited)",
					"@executable_path/Frameworks",
					"@loader_path/Frameworks",
				);
				MARKETING_VERSION = 1.0;
				PRODUCT_BUNDLE_IDENTIFIER = com.kyrd.krystal.ios.system.design;
				PRODUCT_NAME = "$(TARGET_NAME:c99extidentifier)";
				SKIP_INSTALL = YES;
				SUPPORTS_MACCATALYST = NO;
				SWIFT_EMIT_LOC_STRINGS = YES;
				SWIFT_VERSION = 5.0;
				TARGETED_DEVICE_FAMILY = "1,2";
			};
			name = Release;
		};
/* End XCBuildConfiguration section */

/* Begin XCConfigurationList section */
		A6B1FD1F28F6B8CB00894DCB /* Build configuration list for PBXProject "DesignSystem" */ = {
			isa = XCConfigurationList;
			buildConfigurations = (
				A6B1FD2A28F6B8CB00894DCB /* Debug */,
				A6B1FD2B28F6B8CB00894DCB /* Release */,
			);
			defaultConfigurationIsVisible = 0;
			defaultConfigurationName = Release;
		};
		A6B1FD2C28F6B8CB00894DCB /* Build configuration list for PBXNativeTarget "DesignSystem" */ = {
			isa = XCConfigurationList;
			buildConfigurations = (
				A6B1FD2D28F6B8CB00894DCB /* Debug */,
				A6B1FD2E28F6B8CB00894DCB /* Release */,
			);
			defaultConfigurationIsVisible = 0;
			defaultConfigurationName = Release;
		};
/* End XCConfigurationList section */
	};
	rootObject = A6B1FD1C28F6B8CB00894DCB /* Project object */;
}
