// !$*UTF8*$!
{
	archiveVersion = 1;
	classes = {
	};
	objectVersion = 55;
	objects = {

/* Begin PBXBuildFile section */
		0E81F6026D12F409B8F03625 /* Pods_TransactionModule.framework in Frameworks */ = {isa = PBXBuildFile; fileRef = AE2D410ED02563A76864D651 /* Pods_TransactionModule.framework */; };
		A613BC8929124730006DD220 /* Dependencies.framework in Frameworks */ = {isa = PBXBuildFile; fileRef = A613BC8829124730006DD220 /* Dependencies.framework */; };
		A64F1D49290B8109000D4733 /* TransactionModule.h in Headers */ = {isa = PBXBuildFile; fileRef = A64F1D48290B8109000D4733 /* TransactionModule.h */; settings = {ATTRIBUTES = (Public, ); }; };
		A64F1D54290B8132000D4733 /* TransactionSettingPopup.swift in Sources */ = {isa = PBXBuildFile; fileRef = A64F1D52290B8132000D4733 /* TransactionSettingPopup.swift */; };
		A64F1D55290B8132000D4733 /* TransactionSettingPopup.xib in Resources */ = {isa = PBXBuildFile; fileRef = A64F1D53290B8132000D4733 /* TransactionSettingPopup.xib */; };
		A64F1D58290B817C000D4733 /* TransactionSettingBasicTab.swift in Sources */ = {isa = PBXBuildFile; fileRef = A64F1D56290B817C000D4733 /* TransactionSettingBasicTab.swift */; };
		A64F1D59290B817C000D4733 /* TransactionSettingBasicTab.xib in Resources */ = {isa = PBXBuildFile; fileRef = A64F1D57290B817C000D4733 /* TransactionSettingBasicTab.xib */; };
		A64F1D5C290B818E000D4733 /* TransactionSettingAdvancedTab.swift in Sources */ = {isa = PBXBuildFile; fileRef = A64F1D5A290B818E000D4733 /* TransactionSettingAdvancedTab.swift */; };
		A64F1D5D290B818E000D4733 /* TransactionSettingAdvancedTab.xib in Resources */ = {isa = PBXBuildFile; fileRef = A64F1D5B290B818E000D4733 /* TransactionSettingAdvancedTab.xib */; };
		A64F1D5F290B8992000D4733 /* TxSettingObject.swift in Sources */ = {isa = PBXBuildFile; fileRef = A64F1D5E290B8992000D4733 /* TxSettingObject.swift */; };
		A64F1D64290B9351000D4733 /* Assets.xcassets in Resources */ = {isa = PBXBuildFile; fileRef = A64F1D63290B9351000D4733 /* Assets.xcassets */; };
		A64F1D68290B98C3000D4733 /* DesignSystem.framework in Frameworks */ = {isa = PBXBuildFile; fileRef = A64F1D67290B98C3000D4733 /* DesignSystem.framework */; };
		A64F1D70290BB8E1000D4733 /* BaseWallet.framework in Frameworks */ = {isa = PBXBuildFile; fileRef = A64F1D6F290BB8E1000D4733 /* BaseWallet.framework */; };
		A64F1D74290BBF19000D4733 /* TransactionSettingBasicTabViewModel.swift in Sources */ = {isa = PBXBuildFile; fileRef = A64F1D73290BBF19000D4733 /* TransactionSettingBasicTabViewModel.swift */; };
		A64F1D76290BC06F000D4733 /* Localizable.strings in Resources */ = {isa = PBXBuildFile; fileRef = A64F1D75290BC06F000D4733 /* Localizable.strings */; };
		A64F1D78290BC093000D4733 /* Strings.swift in Sources */ = {isa = PBXBuildFile; fileRef = A64F1D77290BC093000D4733 /* Strings.swift */; };
		A64F1D7A290BC0C4000D4733 /* String+.swift in Sources */ = {isa = PBXBuildFile; fileRef = A64F1D79290BC0C4000D4733 /* String+.swift */; };
		A64F1D7C290BCC53000D4733 /* BaseTransactionSettingTab.swift in Sources */ = {isa = PBXBuildFile; fileRef = A64F1D7B290BCC53000D4733 /* BaseTransactionSettingTab.swift */; };
		A64F1D82290BE3CB000D4733 /* BaseTransactionSettingTabViewModel.swift in Sources */ = {isa = PBXBuildFile; fileRef = A64F1D81290BE3CB000D4733 /* BaseTransactionSettingTabViewModel.swift */; };
		A64F1D84290BE3F1000D4733 /* TransactionSettingAdvancedTabViewModel.swift in Sources */ = {isa = PBXBuildFile; fileRef = A64F1D83290BE3F1000D4733 /* TransactionSettingAdvancedTabViewModel.swift */; };
		A6B6ED2F290F82F200514A01 /* AppState.framework in Frameworks */ = {isa = PBXBuildFile; fileRef = A6B6ED2E290F82F200514A01 /* AppState.framework */; };
		A6B6ED32290F859700514A01 /* Utilities.framework in Frameworks */ = {isa = PBXBuildFile; fileRef = A6B6ED31290F859700514A01 /* Utilities.framework */; };
		A6B6ED37290F9FE700514A01 /* Constants.swift in Sources */ = {isa = PBXBuildFile; fileRef = A6B6ED36290F9FE700514A01 /* Constants.swift */; };
		A6B6ED39290FBAAF00514A01 /* Services.framework in Frameworks */ = {isa = PBXBuildFile; fileRef = A6B6ED38290FBAAF00514A01 /* Services.framework */; };
		A6ED2D3E2911354F00845EF2 /* GasPriceManager.swift in Sources */ = {isa = PBXBuildFile; fileRef = A6ED2D3D2911354F00845EF2 /* GasPriceManager.swift */; };
/* End PBXBuildFile section */

/* Begin PBXFileReference section */
		A613BC8829124730006DD220 /* Dependencies.framework */ = {isa = PBXFileReference; explicitFileType = wrapper.framework; path = Dependencies.framework; sourceTree = BUILT_PRODUCTS_DIR; };
		A64F1D45290B8109000D4733 /* TransactionModule.framework */ = {isa = PBXFileReference; explicitFileType = wrapper.framework; includeInIndex = 0; path = TransactionModule.framework; sourceTree = BUILT_PRODUCTS_DIR; };
		A64F1D48290B8109000D4733 /* TransactionModule.h */ = {isa = PBXFileReference; lastKnownFileType = sourcecode.c.h; path = TransactionModule.h; sourceTree = "<group>"; };
		A64F1D52290B8132000D4733 /* TransactionSettingPopup.swift */ = {isa = PBXFileReference; lastKnownFileType = sourcecode.swift; path = TransactionSettingPopup.swift; sourceTree = "<group>"; };
		A64F1D53290B8132000D4733 /* TransactionSettingPopup.xib */ = {isa = PBXFileReference; lastKnownFileType = file.xib; path = TransactionSettingPopup.xib; sourceTree = "<group>"; };
		A64F1D56290B817C000D4733 /* TransactionSettingBasicTab.swift */ = {isa = PBXFileReference; lastKnownFileType = sourcecode.swift; path = TransactionSettingBasicTab.swift; sourceTree = "<group>"; };
		A64F1D57290B817C000D4733 /* TransactionSettingBasicTab.xib */ = {isa = PBXFileReference; lastKnownFileType = file.xib; path = TransactionSettingBasicTab.xib; sourceTree = "<group>"; };
		A64F1D5A290B818E000D4733 /* TransactionSettingAdvancedTab.swift */ = {isa = PBXFileReference; lastKnownFileType = sourcecode.swift; path = TransactionSettingAdvancedTab.swift; sourceTree = "<group>"; };
		A64F1D5B290B818E000D4733 /* TransactionSettingAdvancedTab.xib */ = {isa = PBXFileReference; lastKnownFileType = file.xib; path = TransactionSettingAdvancedTab.xib; sourceTree = "<group>"; };
		A64F1D5E290B8992000D4733 /* TxSettingObject.swift */ = {isa = PBXFileReference; lastKnownFileType = sourcecode.swift; path = TxSettingObject.swift; sourceTree = "<group>"; };
		A64F1D63290B9351000D4733 /* Assets.xcassets */ = {isa = PBXFileReference; lastKnownFileType = folder.assetcatalog; path = Assets.xcassets; sourceTree = "<group>"; };
		A64F1D67290B98C3000D4733 /* DesignSystem.framework */ = {isa = PBXFileReference; explicitFileType = wrapper.framework; path = DesignSystem.framework; sourceTree = BUILT_PRODUCTS_DIR; };
		A64F1D6F290BB8E1000D4733 /* BaseWallet.framework */ = {isa = PBXFileReference; explicitFileType = wrapper.framework; path = BaseWallet.framework; sourceTree = BUILT_PRODUCTS_DIR; };
		A64F1D73290BBF19000D4733 /* TransactionSettingBasicTabViewModel.swift */ = {isa = PBXFileReference; lastKnownFileType = sourcecode.swift; path = TransactionSettingBasicTabViewModel.swift; sourceTree = "<group>"; };
		A64F1D75290BC06F000D4733 /* Localizable.strings */ = {isa = PBXFileReference; lastKnownFileType = text.plist.strings; path = Localizable.strings; sourceTree = "<group>"; };
		A64F1D77290BC093000D4733 /* Strings.swift */ = {isa = PBXFileReference; lastKnownFileType = sourcecode.swift; path = Strings.swift; sourceTree = "<group>"; };
		A64F1D79290BC0C4000D4733 /* String+.swift */ = {isa = PBXFileReference; lastKnownFileType = sourcecode.swift; path = "String+.swift"; sourceTree = "<group>"; };
		A64F1D7B290BCC53000D4733 /* BaseTransactionSettingTab.swift */ = {isa = PBXFileReference; lastKnownFileType = sourcecode.swift; path = BaseTransactionSettingTab.swift; sourceTree = "<group>"; };
		A64F1D81290BE3CB000D4733 /* BaseTransactionSettingTabViewModel.swift */ = {isa = PBXFileReference; lastKnownFileType = sourcecode.swift; path = BaseTransactionSettingTabViewModel.swift; sourceTree = "<group>"; };
		A64F1D83290BE3F1000D4733 /* TransactionSettingAdvancedTabViewModel.swift */ = {isa = PBXFileReference; lastKnownFileType = sourcecode.swift; path = TransactionSettingAdvancedTabViewModel.swift; sourceTree = "<group>"; };
		A6B6ED2E290F82F200514A01 /* AppState.framework */ = {isa = PBXFileReference; explicitFileType = wrapper.framework; path = AppState.framework; sourceTree = BUILT_PRODUCTS_DIR; };
		A6B6ED31290F859700514A01 /* Utilities.framework */ = {isa = PBXFileReference; explicitFileType = wrapper.framework; path = Utilities.framework; sourceTree = BUILT_PRODUCTS_DIR; };
		A6B6ED36290F9FE700514A01 /* Constants.swift */ = {isa = PBXFileReference; lastKnownFileType = sourcecode.swift; path = Constants.swift; sourceTree = "<group>"; };
		A6B6ED38290FBAAF00514A01 /* Services.framework */ = {isa = PBXFileReference; explicitFileType = wrapper.framework; path = Services.framework; sourceTree = BUILT_PRODUCTS_DIR; };
		A6ED2D3D2911354F00845EF2 /* GasPriceManager.swift */ = {isa = PBXFileReference; lastKnownFileType = sourcecode.swift; path = GasPriceManager.swift; sourceTree = "<group>"; };
		ACB68FEDF6F817D1BE1300AD /* Pods-TransactionModule.debug.xcconfig */ = {isa = PBXFileReference; includeInIndex = 1; lastKnownFileType = text.xcconfig; name = "Pods-TransactionModule.debug.xcconfig"; path = "Target Support Files/Pods-TransactionModule/Pods-TransactionModule.debug.xcconfig"; sourceTree = "<group>"; };
		AE2D410ED02563A76864D651 /* Pods_TransactionModule.framework */ = {isa = PBXFileReference; explicitFileType = wrapper.framework; includeInIndex = 0; path = Pods_TransactionModule.framework; sourceTree = BUILT_PRODUCTS_DIR; };
		FD93F446527C79081DC45CA8 /* Pods-TransactionModule.release.xcconfig */ = {isa = PBXFileReference; includeInIndex = 1; lastKnownFileType = text.xcconfig; name = "Pods-TransactionModule.release.xcconfig"; path = "Target Support Files/Pods-TransactionModule/Pods-TransactionModule.release.xcconfig"; sourceTree = "<group>"; };
/* End PBXFileReference section */

/* Begin PBXFrameworksBuildPhase section */
		A64F1D42290B8109000D4733 /* Frameworks */ = {
			isa = PBXFrameworksBuildPhase;
			buildActionMask = 2147483647;
			files = (
				A6B6ED32290F859700514A01 /* Utilities.framework in Frameworks */,
				A6B6ED2F290F82F200514A01 /* AppState.framework in Frameworks */,
				A613BC8929124730006DD220 /* Dependencies.framework in Frameworks */,
				0E81F6026D12F409B8F03625 /* Pods_TransactionModule.framework in Frameworks */,
				A64F1D68290B98C3000D4733 /* DesignSystem.framework in Frameworks */,
				A6B6ED39290FBAAF00514A01 /* Services.framework in Frameworks */,
				A64F1D70290BB8E1000D4733 /* BaseWallet.framework in Frameworks */,
			);
			runOnlyForDeploymentPostprocessing = 0;
		};
/* End PBXFrameworksBuildPhase section */

/* Begin PBXGroup section */
		0EE45598E266B0540A9D667B /* Frameworks */ = {
			isa = PBXGroup;
			children = (
				A613BC8829124730006DD220 /* Dependencies.framework */,
				A6B6ED38290FBAAF00514A01 /* Services.framework */,
				A6B6ED31290F859700514A01 /* Utilities.framework */,
				A6B6ED2E290F82F200514A01 /* AppState.framework */,
				A64F1D6F290BB8E1000D4733 /* BaseWallet.framework */,
				A64F1D67290B98C3000D4733 /* DesignSystem.framework */,
				AE2D410ED02563A76864D651 /* Pods_TransactionModule.framework */,
			);
			name = Frameworks;
			sourceTree = "<group>";
		};
		7F6716B18D8DFC9ECD637CFF /* Pods */ = {
			isa = PBXGroup;
			children = (
				ACB68FEDF6F817D1BE1300AD /* Pods-TransactionModule.debug.xcconfig */,
				FD93F446527C79081DC45CA8 /* Pods-TransactionModule.release.xcconfig */,
			);
			name = Pods;
			path = ../Pods;
			sourceTree = "<group>";
		};
		A64F1D3B290B8109000D4733 = {
			isa = PBXGroup;
			children = (
				A64F1D47290B8109000D4733 /* TransactionModule */,
				A64F1D46290B8109000D4733 /* Products */,
				7F6716B18D8DFC9ECD637CFF /* Pods */,
				0EE45598E266B0540A9D667B /* Frameworks */,
			);
			sourceTree = "<group>";
		};
		A64F1D46290B8109000D4733 /* Products */ = {
			isa = PBXGroup;
			children = (
				A64F1D45290B8109000D4733 /* TransactionModule.framework */,
			);
			name = Products;
			sourceTree = "<group>";
		};
		A64F1D47290B8109000D4733 /* TransactionModule */ = {
			isa = PBXGroup;
			children = (
				A64F1D50290B811A000D4733 /* Core */,
				A64F1D4F290B8117000D4733 /* UI */,
				A64F1D48290B8109000D4733 /* TransactionModule.h */,
				A64F1D63290B9351000D4733 /* Assets.xcassets */,
				A64F1D75290BC06F000D4733 /* Localizable.strings */,
				A64F1D77290BC093000D4733 /* Strings.swift */,
				A64F1D79290BC0C4000D4733 /* String+.swift */,
				A6B6ED36290F9FE700514A01 /* Constants.swift */,
			);
			path = TransactionModule;
			sourceTree = "<group>";
		};
		A64F1D4F290B8117000D4733 /* UI */ = {
			isa = PBXGroup;
			children = (
				A64F1D51290B8123000D4733 /* TxSettings */,
			);
			path = UI;
			sourceTree = "<group>";
		};
		A64F1D50290B811A000D4733 /* Core */ = {
			isa = PBXGroup;
			children = (
				A6ED2D3D2911354F00845EF2 /* GasPriceManager.swift */,
			);
			path = Core;
			sourceTree = "<group>";
		};
		A64F1D51290B8123000D4733 /* TxSettings */ = {
			isa = PBXGroup;
			children = (
				A64F1D80290BE3BB000D4733 /* ViewModels */,
				A64F1D7F290BE3B3000D4733 /* Views */,
				A64F1D5E290B8992000D4733 /* TxSettingObject.swift */,
			);
			path = TxSettings;
			sourceTree = "<group>";
		};
		A64F1D7F290BE3B3000D4733 /* Views */ = {
			isa = PBXGroup;
			children = (
				A64F1D7B290BCC53000D4733 /* BaseTransactionSettingTab.swift */,
				A64F1D52290B8132000D4733 /* TransactionSettingPopup.swift */,
				A64F1D53290B8132000D4733 /* TransactionSettingPopup.xib */,
				A64F1D56290B817C000D4733 /* TransactionSettingBasicTab.swift */,
				A64F1D57290B817C000D4733 /* TransactionSettingBasicTab.xib */,
				A64F1D5A290B818E000D4733 /* TransactionSettingAdvancedTab.swift */,
				A64F1D5B290B818E000D4733 /* TransactionSettingAdvancedTab.xib */,
			);
			path = Views;
			sourceTree = "<group>";
		};
		A64F1D80290BE3BB000D4733 /* ViewModels */ = {
			isa = PBXGroup;
			children = (
				A64F1D83290BE3F1000D4733 /* TransactionSettingAdvancedTabViewModel.swift */,
				A64F1D73290BBF19000D4733 /* TransactionSettingBasicTabViewModel.swift */,
				A64F1D81290BE3CB000D4733 /* BaseTransactionSettingTabViewModel.swift */,
			);
			path = ViewModels;
			sourceTree = "<group>";
		};
/* End PBXGroup section */

/* Begin PBXHeadersBuildPhase section */
		A64F1D40290B8109000D4733 /* Headers */ = {
			isa = PBXHeadersBuildPhase;
			buildActionMask = 2147483647;
			files = (
				A64F1D49290B8109000D4733 /* TransactionModule.h in Headers */,
			);
			runOnlyForDeploymentPostprocessing = 0;
		};
/* End PBXHeadersBuildPhase section */

/* Begin PBXNativeTarget section */
		A64F1D44290B8109000D4733 /* TransactionModule */ = {
			isa = PBXNativeTarget;
			buildConfigurationList = A64F1D4C290B8109000D4733 /* Build configuration list for PBXNativeTarget "TransactionModule" */;
			buildPhases = (
				CC0DFEB86F5253E064BAE85E /* [CP] Check Pods Manifest.lock */,
				A64F1D40290B8109000D4733 /* Headers */,
				A64F1D41290B8109000D4733 /* Sources */,
				A64F1D42290B8109000D4733 /* Frameworks */,
				A64F1D43290B8109000D4733 /* Resources */,
			);
			buildRules = (
			);
			dependencies = (
			);
			name = TransactionModule;
			productName = TransactionModule;
			productReference = A64F1D45290B8109000D4733 /* TransactionModule.framework */;
			productType = "com.apple.product-type.framework";
		};
/* End PBXNativeTarget section */

/* Begin PBXProject section */
		A64F1D3C290B8109000D4733 /* Project object */ = {
			isa = PBXProject;
			attributes = {
				BuildIndependentTargetsInParallel = 1;
				LastUpgradeCheck = 1340;
				TargetAttributes = {
					A64F1D44290B8109000D4733 = {
						CreatedOnToolsVersion = 13.4;
						LastSwiftMigration = 1340;
					};
				};
			};
			buildConfigurationList = A64F1D3F290B8109000D4733 /* Build configuration list for PBXProject "TransactionModule" */;
			compatibilityVersion = "Xcode 13.0";
			developmentRegion = en;
			hasScannedForEncodings = 0;
			knownRegions = (
				en,
				Base,
			);
			mainGroup = A64F1D3B290B8109000D4733;
			productRefGroup = A64F1D46290B8109000D4733 /* Products */;
			projectDirPath = "";
			projectRoot = "";
			targets = (
				A64F1D44290B8109000D4733 /* TransactionModule */,
			);
		};
/* End PBXProject section */

/* Begin PBXResourcesBuildPhase section */
		A64F1D43290B8109000D4733 /* Resources */ = {
			isa = PBXResourcesBuildPhase;
			buildActionMask = 2147483647;
			files = (
				A64F1D76290BC06F000D4733 /* Localizable.strings in Resources */,
				A64F1D59290B817C000D4733 /* TransactionSettingBasicTab.xib in Resources */,
				A64F1D5D290B818E000D4733 /* TransactionSettingAdvancedTab.xib in Resources */,
				A64F1D64290B9351000D4733 /* Assets.xcassets in Resources */,
				A64F1D55290B8132000D4733 /* TransactionSettingPopup.xib in Resources */,
			);
			runOnlyForDeploymentPostprocessing = 0;
		};
/* End PBXResourcesBuildPhase section */

/* Begin PBXShellScriptBuildPhase section */
		CC0DFEB86F5253E064BAE85E /* [CP] Check Pods Manifest.lock */ = {
			isa = PBXShellScriptBuildPhase;
			buildActionMask = 2147483647;
			files = (
			);
			inputFileListPaths = (
			);
			inputPaths = (
				"${PODS_PODFILE_DIR_PATH}/Podfile.lock",
				"${PODS_ROOT}/Manifest.lock",
			);
			name = "[CP] Check Pods Manifest.lock";
			outputFileListPaths = (
			);
			outputPaths = (
				"$(DERIVED_FILE_DIR)/Pods-TransactionModule-checkManifestLockResult.txt",
			);
			runOnlyForDeploymentPostprocessing = 0;
			shellPath = /bin/sh;
			shellScript = "diff \"${PODS_PODFILE_DIR_PATH}/Podfile.lock\" \"${PODS_ROOT}/Manifest.lock\" > /dev/null\nif [ $? != 0 ] ; then\n    # print error to STDERR\n    echo \"error: The sandbox is not in sync with the Podfile.lock. Run 'pod install' or update your CocoaPods installation.\" >&2\n    exit 1\nfi\n# This output is used by Xcode 'outputs' to avoid re-running this script phase.\necho \"SUCCESS\" > \"${SCRIPT_OUTPUT_FILE_0}\"\n";
			showEnvVarsInLog = 0;
		};
/* End PBXShellScriptBuildPhase section */

/* Begin PBXSourcesBuildPhase section */
		A64F1D41290B8109000D4733 /* Sources */ = {
			isa = PBXSourcesBuildPhase;
			buildActionMask = 2147483647;
			files = (
				A64F1D84290BE3F1000D4733 /* TransactionSettingAdvancedTabViewModel.swift in Sources */,
				A6B6ED37290F9FE700514A01 /* Constants.swift in Sources */,
				A64F1D7C290BCC53000D4733 /* BaseTransactionSettingTab.swift in Sources */,
				A64F1D82290BE3CB000D4733 /* BaseTransactionSettingTabViewModel.swift in Sources */,
				A64F1D58290B817C000D4733 /* TransactionSettingBasicTab.swift in Sources */,
				A64F1D74290BBF19000D4733 /* TransactionSettingBasicTabViewModel.swift in Sources */,
				A64F1D5F290B8992000D4733 /* TxSettingObject.swift in Sources */,
				A64F1D54290B8132000D4733 /* TransactionSettingPopup.swift in Sources */,
				A64F1D78290BC093000D4733 /* Strings.swift in Sources */,
				A6ED2D3E2911354F00845EF2 /* GasPriceManager.swift in Sources */,
				A64F1D7A290BC0C4000D4733 /* String+.swift in Sources */,
				A64F1D5C290B818E000D4733 /* TransactionSettingAdvancedTab.swift in Sources */,
			);
			runOnlyForDeploymentPostprocessing = 0;
		};
/* End PBXSourcesBuildPhase section */

/* Begin XCBuildConfiguration section */
		A64F1D4A290B8109000D4733 /* Debug */ = {
			isa = XCBuildConfiguration;
			buildSettings = {
				ALWAYS_SEARCH_USER_PATHS = NO;
				CLANG_ANALYZER_NONNULL = YES;
				CLANG_ANALYZER_NUMBER_OBJECT_CONVERSION = YES_AGGRESSIVE;
				CLANG_CXX_LANGUAGE_STANDARD = "gnu++17";
				CLANG_ENABLE_MODULES = YES;
				CLANG_ENABLE_OBJC_ARC = YES;
				CLANG_ENABLE_OBJC_WEAK = YES;
				CLANG_WARN_BLOCK_CAPTURE_AUTORELEASING = YES;
				CLANG_WARN_BOOL_CONVERSION = YES;
				CLANG_WARN_COMMA = YES;
				CLANG_WARN_CONSTANT_CONVERSION = YES;
				CLANG_WARN_DEPRECATED_OBJC_IMPLEMENTATIONS = YES;
				CLANG_WARN_DIRECT_OBJC_ISA_USAGE = YES_ERROR;
				CLANG_WARN_DOCUMENTATION_COMMENTS = YES;
				CLANG_WARN_EMPTY_BODY = YES;
				CLANG_WARN_ENUM_CONVERSION = YES;
				CLANG_WARN_INFINITE_RECURSION = YES;
				CLANG_WARN_INT_CONVERSION = YES;
				CLANG_WARN_NON_LITERAL_NULL_CONVERSION = YES;
				CLANG_WARN_OBJC_IMPLICIT_RETAIN_SELF = YES;
				CLANG_WARN_OBJC_LITERAL_CONVERSION = YES;
				CLANG_WARN_OBJC_ROOT_CLASS = YES_ERROR;
				CLANG_WARN_QUOTED_INCLUDE_IN_FRAMEWORK_HEADER = YES;
				CLANG_WARN_RANGE_LOOP_ANALYSIS = YES;
				CLANG_WARN_STRICT_PROTOTYPES = YES;
				CLANG_WARN_SUSPICIOUS_MOVE = YES;
				CLANG_WARN_UNGUARDED_AVAILABILITY = YES_AGGRESSIVE;
				CLANG_WARN_UNREACHABLE_CODE = YES;
				CLANG_WARN__DUPLICATE_METHOD_MATCH = YES;
				COPY_PHASE_STRIP = NO;
				CURRENT_PROJECT_VERSION = 1;
				DEBUG_INFORMATION_FORMAT = dwarf;
				ENABLE_STRICT_OBJC_MSGSEND = YES;
				ENABLE_TESTABILITY = YES;
				GCC_C_LANGUAGE_STANDARD = gnu11;
				GCC_DYNAMIC_NO_PIC = NO;
				GCC_NO_COMMON_BLOCKS = YES;
				GCC_OPTIMIZATION_LEVEL = 0;
				GCC_PREPROCESSOR_DEFINITIONS = (
					"DEBUG=1",
					"$(inherited)",
				);
				GCC_WARN_64_TO_32_BIT_CONVERSION = YES;
				GCC_WARN_ABOUT_RETURN_TYPE = YES_ERROR;
				GCC_WARN_UNDECLARED_SELECTOR = YES;
				GCC_WARN_UNINITIALIZED_AUTOS = YES_AGGRESSIVE;
				GCC_WARN_UNUSED_FUNCTION = YES;
				GCC_WARN_UNUSED_VARIABLE = YES;
				IPHONEOS_DEPLOYMENT_TARGET = 15.5;
				MTL_ENABLE_DEBUG_INFO = INCLUDE_SOURCE;
				MTL_FAST_MATH = YES;
				ONLY_ACTIVE_ARCH = YES;
				SDKROOT = iphoneos;
				SWIFT_ACTIVE_COMPILATION_CONDITIONS = DEBUG;
				SWIFT_OPTIMIZATION_LEVEL = "-Onone";
				VERSIONING_SYSTEM = "apple-generic";
				VERSION_INFO_PREFIX = "";
			};
			name = Debug;
		};
		A64F1D4B290B8109000D4733 /* Release */ = {
			isa = XCBuildConfiguration;
			buildSettings = {
				ALWAYS_SEARCH_USER_PATHS = NO;
				CLANG_ANALYZER_NONNULL = YES;
				CLANG_ANALYZER_NUMBER_OBJECT_CONVERSION = YES_AGGRESSIVE;
				CLANG_CXX_LANGUAGE_STANDARD = "gnu++17";
				CLANG_ENABLE_MODULES = YES;
				CLANG_ENABLE_OBJC_ARC = YES;
				CLANG_ENABLE_OBJC_WEAK = YES;
				CLANG_WARN_BLOCK_CAPTURE_AUTORELEASING = YES;
				CLANG_WARN_BOOL_CONVERSION = YES;
				CLANG_WARN_COMMA = YES;
				CLANG_WARN_CONSTANT_CONVERSION = YES;
				CLANG_WARN_DEPRECATED_OBJC_IMPLEMENTATIONS = YES;
				CLANG_WARN_DIRECT_OBJC_ISA_USAGE = YES_ERROR;
				CLANG_WARN_DOCUMENTATION_COMMENTS = YES;
				CLANG_WARN_EMPTY_BODY = YES;
				CLANG_WARN_ENUM_CONVERSION = YES;
				CLANG_WARN_INFINITE_RECURSION = YES;
				CLANG_WARN_INT_CONVERSION = YES;
				CLANG_WARN_NON_LITERAL_NULL_CONVERSION = YES;
				CLANG_WARN_OBJC_IMPLICIT_RETAIN_SELF = YES;
				CLANG_WARN_OBJC_LITERAL_CONVERSION = YES;
				CLANG_WARN_OBJC_ROOT_CLASS = YES_ERROR;
				CLANG_WARN_QUOTED_INCLUDE_IN_FRAMEWORK_HEADER = YES;
				CLANG_WARN_RANGE_LOOP_ANALYSIS = YES;
				CLANG_WARN_STRICT_PROTOTYPES = YES;
				CLANG_WARN_SUSPICIOUS_MOVE = YES;
				CLANG_WARN_UNGUARDED_AVAILABILITY = YES_AGGRESSIVE;
				CLANG_WARN_UNREACHABLE_CODE = YES;
				CLANG_WARN__DUPLICATE_METHOD_MATCH = YES;
				COPY_PHASE_STRIP = NO;
				CURRENT_PROJECT_VERSION = 1;
				DEBUG_INFORMATION_FORMAT = "dwarf-with-dsym";
				ENABLE_NS_ASSERTIONS = NO;
				ENABLE_STRICT_OBJC_MSGSEND = YES;
				GCC_C_LANGUAGE_STANDARD = gnu11;
				GCC_NO_COMMON_BLOCKS = YES;
				GCC_WARN_64_TO_32_BIT_CONVERSION = YES;
				GCC_WARN_ABOUT_RETURN_TYPE = YES_ERROR;
				GCC_WARN_UNDECLARED_SELECTOR = YES;
				GCC_WARN_UNINITIALIZED_AUTOS = YES_AGGRESSIVE;
				GCC_WARN_UNUSED_FUNCTION = YES;
				GCC_WARN_UNUSED_VARIABLE = YES;
				IPHONEOS_DEPLOYMENT_TARGET = 15.5;
				MTL_ENABLE_DEBUG_INFO = NO;
				MTL_FAST_MATH = YES;
				SDKROOT = iphoneos;
				SWIFT_COMPILATION_MODE = wholemodule;
				SWIFT_OPTIMIZATION_LEVEL = "-O";
				VALIDATE_PRODUCT = YES;
				VERSIONING_SYSTEM = "apple-generic";
				VERSION_INFO_PREFIX = "";
			};
			name = Release;
		};
		A64F1D4D290B8109000D4733 /* Debug */ = {
			isa = XCBuildConfiguration;
			baseConfigurationReference = ACB68FEDF6F817D1BE1300AD /* Pods-TransactionModule.debug.xcconfig */;
			buildSettings = {
				CLANG_ENABLE_MODULES = YES;
				CODE_SIGN_STYLE = Automatic;
				CURRENT_PROJECT_VERSION = 1;
				DEFINES_MODULE = YES;
				DEVELOPMENT_TEAM = G9CRYMTLBL;
				DYLIB_COMPATIBILITY_VERSION = 1;
				DYLIB_CURRENT_VERSION = 1;
				DYLIB_INSTALL_NAME_BASE = "@rpath";
				GENERATE_INFOPLIST_FILE = YES;
				INFOPLIST_KEY_NSHumanReadableCopyright = "";
				INSTALL_PATH = "$(LOCAL_LIBRARY_DIR)/Frameworks";
				IPHONEOS_DEPLOYMENT_TARGET = 12.0;
				LD_RUNPATH_SEARCH_PATHS = (
					"$(inherited)",
					"@executable_path/Frameworks",
					"@loader_path/Frameworks",
				);
				MARKETING_VERSION = 1.0;
				PRODUCT_BUNDLE_IDENTIFIER = com.kyrd.krystal.ios.transaction;
				PRODUCT_NAME = "$(TARGET_NAME:c99extidentifier)";
				SKIP_INSTALL = YES;
				SUPPORTS_MACCATALYST = NO;
				SWIFT_EMIT_LOC_STRINGS = YES;
				SWIFT_OPTIMIZATION_LEVEL = "-Onone";
				SWIFT_VERSION = 4.2;
				TARGETED_DEVICE_FAMILY = "1,2";
			};
			name = Debug;
		};
		A64F1D4E290B8109000D4733 /* Release */ = {
			isa = XCBuildConfiguration;
			baseConfigurationReference = FD93F446527C79081DC45CA8 /* Pods-TransactionModule.release.xcconfig */;
			buildSettings = {
				CLANG_ENABLE_MODULES = YES;
				CODE_SIGN_STYLE = Automatic;
				CURRENT_PROJECT_VERSION = 1;
				DEFINES_MODULE = YES;
				DEVELOPMENT_TEAM = G9CRYMTLBL;
				DYLIB_COMPATIBILITY_VERSION = 1;
				DYLIB_CURRENT_VERSION = 1;
				DYLIB_INSTALL_NAME_BASE = "@rpath";
				GENERATE_INFOPLIST_FILE = YES;
				INFOPLIST_KEY_NSHumanReadableCopyright = "";
				INSTALL_PATH = "$(LOCAL_LIBRARY_DIR)/Frameworks";
				IPHONEOS_DEPLOYMENT_TARGET = 12.0;
				LD_RUNPATH_SEARCH_PATHS = (
					"$(inherited)",
					"@executable_path/Frameworks",
					"@loader_path/Frameworks",
				);
				MARKETING_VERSION = 1.0;
				PRODUCT_BUNDLE_IDENTIFIER = com.kyrd.krystal.ios.transaction;
				PRODUCT_NAME = "$(TARGET_NAME:c99extidentifier)";
				SKIP_INSTALL = YES;
				SUPPORTS_MACCATALYST = NO;
				SWIFT_EMIT_LOC_STRINGS = YES;
				SWIFT_VERSION = 4.2;
				TARGETED_DEVICE_FAMILY = "1,2";
			};
			name = Release;
		};
/* End XCBuildConfiguration section */

/* Begin XCConfigurationList section */
		A64F1D3F290B8109000D4733 /* Build configuration list for PBXProject "TransactionModule" */ = {
			isa = XCConfigurationList;
			buildConfigurations = (
				A64F1D4A290B8109000D4733 /* Debug */,
				A64F1D4B290B8109000D4733 /* Release */,
			);
			defaultConfigurationIsVisible = 0;
			defaultConfigurationName = Release;
		};
		A64F1D4C290B8109000D4733 /* Build configuration list for PBXNativeTarget "TransactionModule" */ = {
			isa = XCConfigurationList;
			buildConfigurations = (
				A64F1D4D290B8109000D4733 /* Debug */,
				A64F1D4E290B8109000D4733 /* Release */,
			);
			defaultConfigurationIsVisible = 0;
			defaultConfigurationName = Release;
		};
/* End XCConfigurationList section */
	};
	rootObject = A64F1D3C290B8109000D4733 /* Project object */;
}
