// !$*UTF8*$!
{
	archiveVersion = 1;
	classes = {
	};
	objectVersion = 55;
	objects = {

/* Begin PBXBuildFile section */
		724567E960E5EE407A35533D /* Pods_EarnModule.framework in Frameworks */ = {isa = PBXBuildFile; fileRef = B5969EB6F30F2999141BBB05 /* Pods_EarnModule.framework */; };
		7E0DAE34294711670045AD35 /* EarningTypeCell.swift in Sources */ = {isa = PBXBuildFile; fileRef = 7E0DAE32294711670045AD35 /* EarningTypeCell.swift */; };
		7E0DAE35294711670045AD35 /* EarningTypeCell.xib in Resources */ = {isa = PBXBuildFile; fileRef = 7E0DAE33294711670045AD35 /* EarningTypeCell.xib */; };
		7E181E5F2923713700C661CD /* UnstakeSummaryViewModel.swift in Sources */ = {isa = PBXBuildFile; fileRef = 7E181E5E2923713700C661CD /* UnstakeSummaryViewModel.swift */; };
		7E181E6129237A5E00C661CD /* UnstakeDisplayInfo.swift in Sources */ = {isa = PBXBuildFile; fileRef = 7E181E6029237A5E00C661CD /* UnstakeDisplayInfo.swift */; };
		7E181E652923A6E400C661CD /* PendingUnstakeTxInfo.swift in Sources */ = {isa = PBXBuildFile; fileRef = 7E181E642923A6E400C661CD /* PendingUnstakeTxInfo.swift */; };
		7E36E369291A530A009BC8FE /* UnstakeViewController.swift in Sources */ = {isa = PBXBuildFile; fileRef = 7E36E367291A530A009BC8FE /* UnstakeViewController.swift */; };
		7E36E36A291A530A009BC8FE /* UnstakeViewController.xib in Resources */ = {isa = PBXBuildFile; fileRef = 7E36E368291A530A009BC8FE /* UnstakeViewController.xib */; };
		7E5E7278290B7E5700156F3C /* Services.framework in Frameworks */ = {isa = PBXBuildFile; fileRef = 7E5E7277290B7E5700156F3C /* Services.framework */; };
		7E693E60294097B40069CFFE /* ChartLegendTokenCell.swift in Sources */ = {isa = PBXBuildFile; fileRef = 7E693E5E294097B40069CFFE /* ChartLegendTokenCell.swift */; };
		7E693E61294097B40069CFFE /* ChartLegendTokenCell.xib in Resources */ = {isa = PBXBuildFile; fileRef = 7E693E5F294097B40069CFFE /* ChartLegendTokenCell.xib */; };
		7E6EBD6029091E0800069B33 /* EarnListViewController.xib in Resources */ = {isa = PBXBuildFile; fileRef = 7E6EBD5C29091E0700069B33 /* EarnListViewController.xib */; };
		7E6EBD6129091E0800069B33 /* EarnListViewController.swift in Sources */ = {isa = PBXBuildFile; fileRef = 7E6EBD5D29091E0700069B33 /* EarnListViewController.swift */; };
		7E6EBD6229091E0800069B33 /* StakingPortfolioViewController.swift in Sources */ = {isa = PBXBuildFile; fileRef = 7E6EBD5E29091E0700069B33 /* StakingPortfolioViewController.swift */; };
		7E6EBD6329091E0800069B33 /* StakingPortfolioViewController.xib in Resources */ = {isa = PBXBuildFile; fileRef = 7E6EBD5F29091E0800069B33 /* StakingPortfolioViewController.xib */; };
		7E6EBD6B2909280900069B33 /* EarnPoolPlatformCell.swift in Sources */ = {isa = PBXBuildFile; fileRef = 7E6EBD672909280800069B33 /* EarnPoolPlatformCell.swift */; };
		7E6EBD6C2909280900069B33 /* EarnPoolViewCell.swift in Sources */ = {isa = PBXBuildFile; fileRef = 7E6EBD682909280800069B33 /* EarnPoolViewCell.swift */; };
		7E6EBD6D2909280900069B33 /* EarnPoolViewCell.xib in Resources */ = {isa = PBXBuildFile; fileRef = 7E6EBD692909280900069B33 /* EarnPoolViewCell.xib */; };
		7E6EBD6E2909280900069B33 /* EarnPoolPlatformCell.xib in Resources */ = {isa = PBXBuildFile; fileRef = 7E6EBD6A2909280900069B33 /* EarnPoolPlatformCell.xib */; };
		7E6EBD70290928D400069B33 /* Strings.swift in Sources */ = {isa = PBXBuildFile; fileRef = 7E6EBD6F290928D400069B33 /* Strings.swift */; };
		7E6EBD72290929A400069B33 /* Localizable.strings in Resources */ = {isa = PBXBuildFile; fileRef = 7E6EBD71290929A400069B33 /* Localizable.strings */; };
		7E6EBD822909318E00069B33 /* SkeletonCell.xib in Resources */ = {isa = PBXBuildFile; fileRef = 7E6EBD802909318E00069B33 /* SkeletonCell.xib */; };
		7E6EBD832909318E00069B33 /* SkeletonCell.swift in Sources */ = {isa = PBXBuildFile; fileRef = 7E6EBD812909318E00069B33 /* SkeletonCell.swift */; };
		7E6EBD86290931E900069B33 /* StakingPortfolioCell.swift in Sources */ = {isa = PBXBuildFile; fileRef = 7E6EBD84290931E800069B33 /* StakingPortfolioCell.swift */; };
		7E6EBD87290931E900069B33 /* StakingPortfolioCell.xib in Resources */ = {isa = PBXBuildFile; fileRef = 7E6EBD85290931E900069B33 /* StakingPortfolioCell.xib */; };
		7E6EBD8B2909386900069B33 /* Images.swift in Sources */ = {isa = PBXBuildFile; fileRef = 7E6EBD8A2909386900069B33 /* Images.swift */; };
		7E71FA7A2921E9BD0021E67D /* UnstakeViewModel.swift in Sources */ = {isa = PBXBuildFile; fileRef = 7E71FA792921E9BC0021E67D /* UnstakeViewModel.swift */; };
		7E987F262908E92500AA5F8F /* EarnOverviewController.xib in Resources */ = {isa = PBXBuildFile; fileRef = 7E987F252908E92500AA5F8F /* EarnOverviewController.xib */; };
		7E987F292908F17700AA5F8F /* BaseModule.framework in Frameworks */ = {isa = PBXBuildFile; fileRef = 7E987F282908F17700AA5F8F /* BaseModule.framework */; };
		7EAF4752291B567600BF5D00 /* StakingViewController.swift in Sources */ = {isa = PBXBuildFile; fileRef = 7EAF474C291B567400BF5D00 /* StakingViewController.swift */; };
		7EAF4753291B567600BF5D00 /* StakingViewController.xib in Resources */ = {isa = PBXBuildFile; fileRef = 7EAF474D291B567500BF5D00 /* StakingViewController.xib */; };
		7EAF4754291B567600BF5D00 /* StakingTrasactionProcessPopup.swift in Sources */ = {isa = PBXBuildFile; fileRef = 7EAF474E291B567500BF5D00 /* StakingTrasactionProcessPopup.swift */; };
		7EAF4756291B567600BF5D00 /* StakingTrasactionProcessPopup.xib in Resources */ = {isa = PBXBuildFile; fileRef = 7EAF4750291B567600BF5D00 /* StakingTrasactionProcessPopup.xib */; };
		7EAF475D291B60DC00BF5D00 /* TransactionModule.framework in Frameworks */ = {isa = PBXBuildFile; fileRef = 7EAF475C291B60DC00BF5D00 /* TransactionModule.framework */; };
		7EAF4763291B685500BF5D00 /* StakingEarningTokensView.xib in Resources */ = {isa = PBXBuildFile; fileRef = 7EAF4761291B685500BF5D00 /* StakingEarningTokensView.xib */; };
		7EAF4764291B685500BF5D00 /* StakingEarningTokensView.swift in Sources */ = {isa = PBXBuildFile; fileRef = 7EAF4762291B685500BF5D00 /* StakingEarningTokensView.swift */; };
		7EAF4767291B68C100BF5D00 /* EarningTokenCell.xib in Resources */ = {isa = PBXBuildFile; fileRef = 7EAF4765291B68C100BF5D00 /* EarningTokenCell.xib */; };
		7EAF4768291B68C100BF5D00 /* EarningTokenCell.swift in Sources */ = {isa = PBXBuildFile; fileRef = 7EAF4766291B68C100BF5D00 /* EarningTokenCell.swift */; };
		7EAF477B291B7C5800BF5D00 /* KNPrettyAlertController.swift in Sources */ = {isa = PBXBuildFile; fileRef = 7EAF4779291B7C5800BF5D00 /* KNPrettyAlertController.swift */; };
		7EAF477C291B7C5800BF5D00 /* KNPrettyAlertController.xib in Resources */ = {isa = PBXBuildFile; fileRef = 7EAF477A291B7C5800BF5D00 /* KNPrettyAlertController.xib */; };
		7EAF477E291B7CDB00BF5D00 /* TransitionDelegate.swift in Sources */ = {isa = PBXBuildFile; fileRef = 7EAF477D291B7CDB00BF5D00 /* TransitionDelegate.swift */; };
		7EB00DE72924F463001B2136 /* TrasactionProcessPopupViewModel.swift in Sources */ = {isa = PBXBuildFile; fileRef = 7EB00DE62924F463001B2136 /* TrasactionProcessPopupViewModel.swift */; };
		7EB252B92907F25200648438 /* EarnOverviewController.swift in Sources */ = {isa = PBXBuildFile; fileRef = 7EB252B72907F25200648438 /* EarnOverviewController.swift */; };
		7EB252BE2907F30300648438 /* EarnModule.swift in Sources */ = {isa = PBXBuildFile; fileRef = 7EB252BD2907F30300648438 /* EarnModule.swift */; };
		7EB252C12907F3E100648438 /* EarnOverViewModel.swift in Sources */ = {isa = PBXBuildFile; fileRef = 7EB252C02907F3E100648438 /* EarnOverViewModel.swift */; };
		7EB252C32907F43B00648438 /* Observer.swift in Sources */ = {isa = PBXBuildFile; fileRef = 7EB252C22907F43B00648438 /* Observer.swift */; };
		7EB252C72907F7EC00648438 /* TypeAliases.swift in Sources */ = {isa = PBXBuildFile; fileRef = 7EB252C62907F7EC00648438 /* TypeAliases.swift */; };
		7EB252C92907F8C300648438 /* NSObject.swift in Sources */ = {isa = PBXBuildFile; fileRef = 7EB252C82907F8C300648438 /* NSObject.swift */; };
		7ED1AF1E291E29AD00BA7C75 /* StakingPortfolioViewModel.swift in Sources */ = {isa = PBXBuildFile; fileRef = 7ED1AF1D291E29AD00BA7C75 /* StakingPortfolioViewModel.swift */; };
		7ED1AF23291E498100BA7C75 /* Assets.xcassets in Resources */ = {isa = PBXBuildFile; fileRef = 7E6EBD6429091F7A00069B33 /* Assets.xcassets */; };
		7ED78DD5293F2B8E000E736F /* PortfolioHeaderView.swift in Sources */ = {isa = PBXBuildFile; fileRef = 7ED78DD4293F2B8E000E736F /* PortfolioHeaderView.swift */; };
		7ED78DD7293F2BAB000E736F /* PortfolioHeaderView.xib in Resources */ = {isa = PBXBuildFile; fileRef = 7ED78DD6293F2BAB000E736F /* PortfolioHeaderView.xib */; };
		7ED78DDA293F5756000E736F /* PortfolioPieChartCell.swift in Sources */ = {isa = PBXBuildFile; fileRef = 7ED78DD8293F5756000E736F /* PortfolioPieChartCell.swift */; };
		7ED78DDB293F5756000E736F /* PortfolioPieChartCell.xib in Resources */ = {isa = PBXBuildFile; fileRef = 7ED78DD9293F5756000E736F /* PortfolioPieChartCell.xib */; };
		7EEF41742942E6E0006FA506 /* PortfolioPieChartCellViewModel.swift in Sources */ = {isa = PBXBuildFile; fileRef = 7EEF41732942E6E0006FA506 /* PortfolioPieChartCellViewModel.swift */; };
		7EF19ED8290B860B00358B66 /* DesignSystem.framework in Frameworks */ = {isa = PBXBuildFile; fileRef = 7EF19ED7290B860B00358B66 /* DesignSystem.framework */; };
		7EF19EDC290B865300358B66 /* Utilities.framework in Frameworks */ = {isa = PBXBuildFile; fileRef = 7EF19EDB290B865300358B66 /* Utilities.framework */; };
		A6066936292B7E6C00718E90 /* EarningType.swift in Sources */ = {isa = PBXBuildFile; fileRef = A6066935292B7E6C00718E90 /* EarningType.swift */; };
		A61715E2291E343C001778C7 /* StakingValidationError.swift in Sources */ = {isa = PBXBuildFile; fileRef = A61715E1291E343C001778C7 /* StakingValidationError.swift */; };
		A61B297729236F2E0064C3FE /* StakingConfirmClaimPopupViewModel.swift in Sources */ = {isa = PBXBuildFile; fileRef = A61B297629236F2E0064C3FE /* StakingConfirmClaimPopupViewModel.swift */; };
		A61B297C292384E80064C3FE /* SpecifiedEarningPlatform.swift in Sources */ = {isa = PBXBuildFile; fileRef = A61B297B292384E80064C3FE /* SpecifiedEarningPlatform.swift */; };
		A61B297E292385000064C3FE /* EarnParamBuilder.swift in Sources */ = {isa = PBXBuildFile; fileRef = A61B297D292385000064C3FE /* EarnParamBuilder.swift */; };
		A61B2980292385780064C3FE /* EarnParamBuilderFactory.swift in Sources */ = {isa = PBXBuildFile; fileRef = A61B297F292385780064C3FE /* EarnParamBuilderFactory.swift */; };
		A61B2982292385AC0064C3FE /* AnkrParamBuilder.swift in Sources */ = {isa = PBXBuildFile; fileRef = A61B2981292385AC0064C3FE /* AnkrParamBuilder.swift */; };
		A61B2984292385C30064C3FE /* LidoParamBuilder.swift in Sources */ = {isa = PBXBuildFile; fileRef = A61B2983292385C30064C3FE /* LidoParamBuilder.swift */; };
		A61B2986292385CD0064C3FE /* CommonParamBuilder.swift in Sources */ = {isa = PBXBuildFile; fileRef = A61B2985292385CD0064C3FE /* CommonParamBuilder.swift */; };
		A61B298A2924BA040064C3FE /* PendingClaimTxInfo.swift in Sources */ = {isa = PBXBuildFile; fileRef = A61B29892924BA040064C3FE /* PendingClaimTxInfo.swift */; };
		A66FC3FB28F4F52100E49E86 /* EarnModule.h in Headers */ = {isa = PBXBuildFile; fileRef = A66FC3FA28F4F52100E49E86 /* EarnModule.h */; settings = {ATTRIBUTES = (Public, ); }; };
		A69E8EB1291DDEBB005B28CB /* PendingStakingTxInfo.swift in Sources */ = {isa = PBXBuildFile; fileRef = A69E8EB0291DDEBB005B28CB /* PendingStakingTxInfo.swift */; };
		A69E8EB4291DEF23005B28CB /* StakeDisplayInfo.swift in Sources */ = {isa = PBXBuildFile; fileRef = A69E8EB3291DEF23005B28CB /* StakeDisplayInfo.swift */; };
		A6D1F7F1291B847800ABA52B /* Constants.swift in Sources */ = {isa = PBXBuildFile; fileRef = A6D1F7F0291B847800ABA52B /* Constants.swift */; };
		A6D1F808291BAF1E00ABA52B /* StakingViewModel.swift in Sources */ = {isa = PBXBuildFile; fileRef = A6D1F807291BAF1E00ABA52B /* StakingViewModel.swift */; };
		A6D1F80A291BB0F100ABA52B /* StakingSummaryViewModel.swift in Sources */ = {isa = PBXBuildFile; fileRef = A6D1F809291BB0F100ABA52B /* StakingSummaryViewModel.swift */; };
		A6FDE58E2924BCDA009BC64B /* ClaimTxStatusPopup.swift in Sources */ = {isa = PBXBuildFile; fileRef = A6FDE58C2924BCDA009BC64B /* ClaimTxStatusPopup.swift */; };
		A6FDE58F2924BCDA009BC64B /* ClaimTxStatusPopup.xib in Resources */ = {isa = PBXBuildFile; fileRef = A6FDE58D2924BCDA009BC64B /* ClaimTxStatusPopup.xib */; };
		A6FDE5912924BE34009BC64B /* ClaimTxStatusPopupViewModel.swift in Sources */ = {isa = PBXBuildFile; fileRef = A6FDE5902924BE34009BC64B /* ClaimTxStatusPopupViewModel.swift */; };
		C36AD4B12924F2680031770E /* lido-eth.plist in Resources */ = {isa = PBXBuildFile; fileRef = C36AD4B02924F2680031770E /* lido-eth.plist */; };
		C36AD4B32924F8DC0031770E /* lido-matic.plist in Resources */ = {isa = PBXBuildFile; fileRef = C36AD4B22924F8DC0031770E /* lido-matic.plist */; };
		C376A2B029261075008E0291 /* ankr-matic-eth.plist in Resources */ = {isa = PBXBuildFile; fileRef = C376A2AF29261075008E0291 /* ankr-matic-eth.plist */; };
		C3851890292CAB48004E9661 /* PlatformFilterViewController.swift in Sources */ = {isa = PBXBuildFile; fileRef = C385188E292CAB48004E9661 /* PlatformFilterViewController.swift */; };
		C3851891292CAB48004E9661 /* PlatformFilterViewController.xib in Resources */ = {isa = PBXBuildFile; fileRef = C385188F292CAB48004E9661 /* PlatformFilterViewController.xib */; };
		C3851894292CAB7E004E9661 /* PlatformCell.swift in Sources */ = {isa = PBXBuildFile; fileRef = C3851892292CAB7E004E9661 /* PlatformCell.swift */; };
		C3851895292CAB7E004E9661 /* PlatformCell.xib in Resources */ = {isa = PBXBuildFile; fileRef = C3851893292CAB7E004E9661 /* PlatformCell.xib */; };
		C3A407FD292340EB008C1220 /* StakingFAQCell.xib in Resources */ = {isa = PBXBuildFile; fileRef = C3A407FB292340EB008C1220 /* StakingFAQCell.xib */; };
		C3A407FE292340EB008C1220 /* StakingFAQCell.swift in Sources */ = {isa = PBXBuildFile; fileRef = C3A407FC292340EB008C1220 /* StakingFAQCell.swift */; };
		C3A408022923411C008C1220 /* SectionHeaderFAQView.swift in Sources */ = {isa = PBXBuildFile; fileRef = C3A407FF2923411C008C1220 /* SectionHeaderFAQView.swift */; };
		C3A408032923411C008C1220 /* StakingFAQView.swift in Sources */ = {isa = PBXBuildFile; fileRef = C3A408002923411C008C1220 /* StakingFAQView.swift */; };
		C3A408042923411C008C1220 /* StakingFAQView.xib in Resources */ = {isa = PBXBuildFile; fileRef = C3A408012923411C008C1220 /* StakingFAQView.xib */; };
		C3A4080C2923416A008C1220 /* ankr-matic-matic.plist in Resources */ = {isa = PBXBuildFile; fileRef = C3A4080529234168008C1220 /* ankr-matic-matic.plist */; };
		C3A4080E2923416A008C1220 /* ankr-bnb.plist in Resources */ = {isa = PBXBuildFile; fileRef = C3A4080729234169008C1220 /* ankr-bnb.plist */; };
		C3A4080F2923416A008C1220 /* FAQModel.swift in Sources */ = {isa = PBXBuildFile; fileRef = C3A4080829234169008C1220 /* FAQModel.swift */; };
		C3A408102923416A008C1220 /* ankr-avax.plist in Resources */ = {isa = PBXBuildFile; fileRef = C3A4080929234169008C1220 /* ankr-avax.plist */; };
		C3A408112923416A008C1220 /* ankr-ftm.plist in Resources */ = {isa = PBXBuildFile; fileRef = C3A4080A29234169008C1220 /* ankr-ftm.plist */; };
		C3A408122923416A008C1220 /* ankr-eth.plist in Resources */ = {isa = PBXBuildFile; fileRef = C3A4080B2923416A008C1220 /* ankr-eth.plist */; };
/* End PBXBuildFile section */

/* Begin PBXFileReference section */
		60E45F03C79752ACE005A2BE /* Pods-EarnModule.release.xcconfig */ = {isa = PBXFileReference; includeInIndex = 1; lastKnownFileType = text.xcconfig; name = "Pods-EarnModule.release.xcconfig"; path = "Target Support Files/Pods-EarnModule/Pods-EarnModule.release.xcconfig"; sourceTree = "<group>"; };
		7E0DAE32294711670045AD35 /* EarningTypeCell.swift */ = {isa = PBXFileReference; lastKnownFileType = sourcecode.swift; path = EarningTypeCell.swift; sourceTree = "<group>"; };
		7E0DAE33294711670045AD35 /* EarningTypeCell.xib */ = {isa = PBXFileReference; lastKnownFileType = file.xib; path = EarningTypeCell.xib; sourceTree = "<group>"; };
		7E181E5E2923713700C661CD /* UnstakeSummaryViewModel.swift */ = {isa = PBXFileReference; lastKnownFileType = sourcecode.swift; path = UnstakeSummaryViewModel.swift; sourceTree = "<group>"; };
		7E181E6029237A5E00C661CD /* UnstakeDisplayInfo.swift */ = {isa = PBXFileReference; lastKnownFileType = sourcecode.swift; path = UnstakeDisplayInfo.swift; sourceTree = "<group>"; };
		7E181E642923A6E400C661CD /* PendingUnstakeTxInfo.swift */ = {isa = PBXFileReference; fileEncoding = 4; lastKnownFileType = sourcecode.swift; path = PendingUnstakeTxInfo.swift; sourceTree = "<group>"; };
		7E36E367291A530A009BC8FE /* UnstakeViewController.swift */ = {isa = PBXFileReference; lastKnownFileType = sourcecode.swift; path = UnstakeViewController.swift; sourceTree = "<group>"; };
		7E36E368291A530A009BC8FE /* UnstakeViewController.xib */ = {isa = PBXFileReference; lastKnownFileType = file.xib; path = UnstakeViewController.xib; sourceTree = "<group>"; };
		7E5E7277290B7E5700156F3C /* Services.framework */ = {isa = PBXFileReference; explicitFileType = wrapper.framework; path = Services.framework; sourceTree = BUILT_PRODUCTS_DIR; };
		7E693E5E294097B40069CFFE /* ChartLegendTokenCell.swift */ = {isa = PBXFileReference; lastKnownFileType = sourcecode.swift; path = ChartLegendTokenCell.swift; sourceTree = "<group>"; };
		7E693E5F294097B40069CFFE /* ChartLegendTokenCell.xib */ = {isa = PBXFileReference; lastKnownFileType = file.xib; path = ChartLegendTokenCell.xib; sourceTree = "<group>"; };
		7E6EBD5C29091E0700069B33 /* EarnListViewController.xib */ = {isa = PBXFileReference; fileEncoding = 4; lastKnownFileType = file.xib; path = EarnListViewController.xib; sourceTree = "<group>"; };
		7E6EBD5D29091E0700069B33 /* EarnListViewController.swift */ = {isa = PBXFileReference; fileEncoding = 4; lastKnownFileType = sourcecode.swift; path = EarnListViewController.swift; sourceTree = "<group>"; };
		7E6EBD5E29091E0700069B33 /* StakingPortfolioViewController.swift */ = {isa = PBXFileReference; fileEncoding = 4; lastKnownFileType = sourcecode.swift; path = StakingPortfolioViewController.swift; sourceTree = "<group>"; };
		7E6EBD5F29091E0800069B33 /* StakingPortfolioViewController.xib */ = {isa = PBXFileReference; fileEncoding = 4; lastKnownFileType = file.xib; path = StakingPortfolioViewController.xib; sourceTree = "<group>"; };
		7E6EBD6429091F7A00069B33 /* Assets.xcassets */ = {isa = PBXFileReference; lastKnownFileType = folder.assetcatalog; path = Assets.xcassets; sourceTree = "<group>"; };
		7E6EBD672909280800069B33 /* EarnPoolPlatformCell.swift */ = {isa = PBXFileReference; fileEncoding = 4; lastKnownFileType = sourcecode.swift; path = EarnPoolPlatformCell.swift; sourceTree = "<group>"; };
		7E6EBD682909280800069B33 /* EarnPoolViewCell.swift */ = {isa = PBXFileReference; fileEncoding = 4; lastKnownFileType = sourcecode.swift; path = EarnPoolViewCell.swift; sourceTree = "<group>"; };
		7E6EBD692909280900069B33 /* EarnPoolViewCell.xib */ = {isa = PBXFileReference; fileEncoding = 4; lastKnownFileType = file.xib; path = EarnPoolViewCell.xib; sourceTree = "<group>"; };
		7E6EBD6A2909280900069B33 /* EarnPoolPlatformCell.xib */ = {isa = PBXFileReference; fileEncoding = 4; lastKnownFileType = file.xib; path = EarnPoolPlatformCell.xib; sourceTree = "<group>"; };
		7E6EBD6F290928D400069B33 /* Strings.swift */ = {isa = PBXFileReference; fileEncoding = 4; lastKnownFileType = sourcecode.swift; path = Strings.swift; sourceTree = "<group>"; };
		7E6EBD71290929A400069B33 /* Localizable.strings */ = {isa = PBXFileReference; lastKnownFileType = text.plist.strings; path = Localizable.strings; sourceTree = "<group>"; };
		7E6EBD802909318E00069B33 /* SkeletonCell.xib */ = {isa = PBXFileReference; fileEncoding = 4; lastKnownFileType = file.xib; path = SkeletonCell.xib; sourceTree = "<group>"; };
		7E6EBD812909318E00069B33 /* SkeletonCell.swift */ = {isa = PBXFileReference; fileEncoding = 4; lastKnownFileType = sourcecode.swift; path = SkeletonCell.swift; sourceTree = "<group>"; };
		7E6EBD84290931E800069B33 /* StakingPortfolioCell.swift */ = {isa = PBXFileReference; fileEncoding = 4; lastKnownFileType = sourcecode.swift; path = StakingPortfolioCell.swift; sourceTree = "<group>"; };
		7E6EBD85290931E900069B33 /* StakingPortfolioCell.xib */ = {isa = PBXFileReference; fileEncoding = 4; lastKnownFileType = file.xib; path = StakingPortfolioCell.xib; sourceTree = "<group>"; };
		7E6EBD8A2909386900069B33 /* Images.swift */ = {isa = PBXFileReference; fileEncoding = 4; lastKnownFileType = sourcecode.swift; path = Images.swift; sourceTree = "<group>"; };
		7E71FA792921E9BC0021E67D /* UnstakeViewModel.swift */ = {isa = PBXFileReference; lastKnownFileType = sourcecode.swift; path = UnstakeViewModel.swift; sourceTree = "<group>"; };
		7E987F252908E92500AA5F8F /* EarnOverviewController.xib */ = {isa = PBXFileReference; fileEncoding = 4; lastKnownFileType = file.xib; path = EarnOverviewController.xib; sourceTree = "<group>"; };
		7E987F282908F17700AA5F8F /* BaseModule.framework */ = {isa = PBXFileReference; explicitFileType = wrapper.framework; path = BaseModule.framework; sourceTree = BUILT_PRODUCTS_DIR; };
		7EAF474C291B567400BF5D00 /* StakingViewController.swift */ = {isa = PBXFileReference; fileEncoding = 4; lastKnownFileType = sourcecode.swift; path = StakingViewController.swift; sourceTree = "<group>"; };
		7EAF474D291B567500BF5D00 /* StakingViewController.xib */ = {isa = PBXFileReference; fileEncoding = 4; lastKnownFileType = file.xib; path = StakingViewController.xib; sourceTree = "<group>"; };
		7EAF474E291B567500BF5D00 /* StakingTrasactionProcessPopup.swift */ = {isa = PBXFileReference; fileEncoding = 4; lastKnownFileType = sourcecode.swift; path = StakingTrasactionProcessPopup.swift; sourceTree = "<group>"; };
		7EAF4750291B567600BF5D00 /* StakingTrasactionProcessPopup.xib */ = {isa = PBXFileReference; fileEncoding = 4; lastKnownFileType = file.xib; path = StakingTrasactionProcessPopup.xib; sourceTree = "<group>"; };
		7EAF475C291B60DC00BF5D00 /* TransactionModule.framework */ = {isa = PBXFileReference; explicitFileType = wrapper.framework; path = TransactionModule.framework; sourceTree = BUILT_PRODUCTS_DIR; };
		7EAF4761291B685500BF5D00 /* StakingEarningTokensView.xib */ = {isa = PBXFileReference; fileEncoding = 4; lastKnownFileType = file.xib; path = StakingEarningTokensView.xib; sourceTree = "<group>"; };
		7EAF4762291B685500BF5D00 /* StakingEarningTokensView.swift */ = {isa = PBXFileReference; fileEncoding = 4; lastKnownFileType = sourcecode.swift; path = StakingEarningTokensView.swift; sourceTree = "<group>"; };
		7EAF4765291B68C100BF5D00 /* EarningTokenCell.xib */ = {isa = PBXFileReference; fileEncoding = 4; lastKnownFileType = file.xib; path = EarningTokenCell.xib; sourceTree = "<group>"; };
		7EAF4766291B68C100BF5D00 /* EarningTokenCell.swift */ = {isa = PBXFileReference; fileEncoding = 4; lastKnownFileType = sourcecode.swift; path = EarningTokenCell.swift; sourceTree = "<group>"; };
		7EAF4779291B7C5800BF5D00 /* KNPrettyAlertController.swift */ = {isa = PBXFileReference; fileEncoding = 4; lastKnownFileType = sourcecode.swift; path = KNPrettyAlertController.swift; sourceTree = "<group>"; };
		7EAF477A291B7C5800BF5D00 /* KNPrettyAlertController.xib */ = {isa = PBXFileReference; fileEncoding = 4; lastKnownFileType = file.xib; path = KNPrettyAlertController.xib; sourceTree = "<group>"; };
		7EAF477D291B7CDB00BF5D00 /* TransitionDelegate.swift */ = {isa = PBXFileReference; fileEncoding = 4; lastKnownFileType = sourcecode.swift; path = TransitionDelegate.swift; sourceTree = "<group>"; };
		7EB00DE62924F463001B2136 /* TrasactionProcessPopupViewModel.swift */ = {isa = PBXFileReference; lastKnownFileType = sourcecode.swift; path = TrasactionProcessPopupViewModel.swift; sourceTree = "<group>"; };
		7EB252B72907F25200648438 /* EarnOverviewController.swift */ = {isa = PBXFileReference; lastKnownFileType = sourcecode.swift; path = EarnOverviewController.swift; sourceTree = "<group>"; };
		7EB252BD2907F30300648438 /* EarnModule.swift */ = {isa = PBXFileReference; lastKnownFileType = sourcecode.swift; path = EarnModule.swift; sourceTree = "<group>"; };
		7EB252C02907F3E100648438 /* EarnOverViewModel.swift */ = {isa = PBXFileReference; lastKnownFileType = sourcecode.swift; path = EarnOverViewModel.swift; sourceTree = "<group>"; };
		7EB252C22907F43B00648438 /* Observer.swift */ = {isa = PBXFileReference; lastKnownFileType = sourcecode.swift; path = Observer.swift; sourceTree = "<group>"; };
		7EB252C62907F7EC00648438 /* TypeAliases.swift */ = {isa = PBXFileReference; lastKnownFileType = sourcecode.swift; path = TypeAliases.swift; sourceTree = "<group>"; };
		7EB252C82907F8C300648438 /* NSObject.swift */ = {isa = PBXFileReference; lastKnownFileType = sourcecode.swift; path = NSObject.swift; sourceTree = "<group>"; };
		7ED1AF1D291E29AD00BA7C75 /* StakingPortfolioViewModel.swift */ = {isa = PBXFileReference; lastKnownFileType = sourcecode.swift; name = StakingPortfolioViewModel.swift; path = EarnModule/StakingPortfolioViewModel.swift; sourceTree = SOURCE_ROOT; };
		7ED78DD4293F2B8E000E736F /* PortfolioHeaderView.swift */ = {isa = PBXFileReference; lastKnownFileType = sourcecode.swift; path = PortfolioHeaderView.swift; sourceTree = "<group>"; };
		7ED78DD6293F2BAB000E736F /* PortfolioHeaderView.xib */ = {isa = PBXFileReference; lastKnownFileType = file.xib; path = PortfolioHeaderView.xib; sourceTree = "<group>"; };
		7ED78DD8293F5756000E736F /* PortfolioPieChartCell.swift */ = {isa = PBXFileReference; lastKnownFileType = sourcecode.swift; path = PortfolioPieChartCell.swift; sourceTree = "<group>"; };
		7ED78DD9293F5756000E736F /* PortfolioPieChartCell.xib */ = {isa = PBXFileReference; lastKnownFileType = file.xib; path = PortfolioPieChartCell.xib; sourceTree = "<group>"; };
		7EEF41732942E6E0006FA506 /* PortfolioPieChartCellViewModel.swift */ = {isa = PBXFileReference; lastKnownFileType = sourcecode.swift; path = PortfolioPieChartCellViewModel.swift; sourceTree = "<group>"; };
		7EF19ED7290B860B00358B66 /* DesignSystem.framework */ = {isa = PBXFileReference; explicitFileType = wrapper.framework; path = DesignSystem.framework; sourceTree = BUILT_PRODUCTS_DIR; };
		7EF19EDB290B865300358B66 /* Utilities.framework */ = {isa = PBXFileReference; explicitFileType = wrapper.framework; path = Utilities.framework; sourceTree = BUILT_PRODUCTS_DIR; };
		A6066935292B7E6C00718E90 /* EarningType.swift */ = {isa = PBXFileReference; lastKnownFileType = sourcecode.swift; path = EarningType.swift; sourceTree = "<group>"; };
		A61715E1291E343C001778C7 /* StakingValidationError.swift */ = {isa = PBXFileReference; lastKnownFileType = sourcecode.swift; path = StakingValidationError.swift; sourceTree = "<group>"; };
		A61B297629236F2E0064C3FE /* StakingConfirmClaimPopupViewModel.swift */ = {isa = PBXFileReference; lastKnownFileType = sourcecode.swift; path = StakingConfirmClaimPopupViewModel.swift; sourceTree = "<group>"; };
		A61B297B292384E80064C3FE /* SpecifiedEarningPlatform.swift */ = {isa = PBXFileReference; lastKnownFileType = sourcecode.swift; path = SpecifiedEarningPlatform.swift; sourceTree = "<group>"; };
		A61B297D292385000064C3FE /* EarnParamBuilder.swift */ = {isa = PBXFileReference; lastKnownFileType = sourcecode.swift; path = EarnParamBuilder.swift; sourceTree = "<group>"; };
		A61B297F292385780064C3FE /* EarnParamBuilderFactory.swift */ = {isa = PBXFileReference; lastKnownFileType = sourcecode.swift; path = EarnParamBuilderFactory.swift; sourceTree = "<group>"; };
		A61B2981292385AC0064C3FE /* AnkrParamBuilder.swift */ = {isa = PBXFileReference; lastKnownFileType = sourcecode.swift; path = AnkrParamBuilder.swift; sourceTree = "<group>"; };
		A61B2983292385C30064C3FE /* LidoParamBuilder.swift */ = {isa = PBXFileReference; lastKnownFileType = sourcecode.swift; path = LidoParamBuilder.swift; sourceTree = "<group>"; };
		A61B2985292385CD0064C3FE /* CommonParamBuilder.swift */ = {isa = PBXFileReference; lastKnownFileType = sourcecode.swift; path = CommonParamBuilder.swift; sourceTree = "<group>"; };
		A61B29892924BA040064C3FE /* PendingClaimTxInfo.swift */ = {isa = PBXFileReference; lastKnownFileType = sourcecode.swift; path = PendingClaimTxInfo.swift; sourceTree = "<group>"; };
		A66FC3F728F4F52100E49E86 /* EarnModule.framework */ = {isa = PBXFileReference; explicitFileType = wrapper.framework; includeInIndex = 0; path = EarnModule.framework; sourceTree = BUILT_PRODUCTS_DIR; };
		A66FC3FA28F4F52100E49E86 /* EarnModule.h */ = {isa = PBXFileReference; lastKnownFileType = sourcecode.c.h; path = EarnModule.h; sourceTree = "<group>"; };
		A69E8EB0291DDEBB005B28CB /* PendingStakingTxInfo.swift */ = {isa = PBXFileReference; lastKnownFileType = sourcecode.swift; path = PendingStakingTxInfo.swift; sourceTree = "<group>"; };
		A69E8EB3291DEF23005B28CB /* StakeDisplayInfo.swift */ = {isa = PBXFileReference; lastKnownFileType = sourcecode.swift; path = StakeDisplayInfo.swift; sourceTree = "<group>"; };
		A6D1F7F0291B847800ABA52B /* Constants.swift */ = {isa = PBXFileReference; lastKnownFileType = sourcecode.swift; path = Constants.swift; sourceTree = "<group>"; };
		A6D1F807291BAF1E00ABA52B /* StakingViewModel.swift */ = {isa = PBXFileReference; lastKnownFileType = sourcecode.swift; path = StakingViewModel.swift; sourceTree = "<group>"; };
		A6D1F809291BB0F100ABA52B /* StakingSummaryViewModel.swift */ = {isa = PBXFileReference; lastKnownFileType = sourcecode.swift; path = StakingSummaryViewModel.swift; sourceTree = "<group>"; };
		A6FDE58C2924BCDA009BC64B /* ClaimTxStatusPopup.swift */ = {isa = PBXFileReference; lastKnownFileType = sourcecode.swift; path = ClaimTxStatusPopup.swift; sourceTree = "<group>"; };
		A6FDE58D2924BCDA009BC64B /* ClaimTxStatusPopup.xib */ = {isa = PBXFileReference; lastKnownFileType = file.xib; path = ClaimTxStatusPopup.xib; sourceTree = "<group>"; };
		A6FDE5902924BE34009BC64B /* ClaimTxStatusPopupViewModel.swift */ = {isa = PBXFileReference; lastKnownFileType = sourcecode.swift; path = ClaimTxStatusPopupViewModel.swift; sourceTree = "<group>"; };
		B5969EB6F30F2999141BBB05 /* Pods_EarnModule.framework */ = {isa = PBXFileReference; explicitFileType = wrapper.framework; includeInIndex = 0; path = Pods_EarnModule.framework; sourceTree = BUILT_PRODUCTS_DIR; };
		C36AD4B02924F2680031770E /* lido-eth.plist */ = {isa = PBXFileReference; lastKnownFileType = text.plist.xml; path = "lido-eth.plist"; sourceTree = "<group>"; };
		C36AD4B22924F8DC0031770E /* lido-matic.plist */ = {isa = PBXFileReference; lastKnownFileType = text.plist.xml; path = "lido-matic.plist"; sourceTree = "<group>"; };
		C376A2AF29261075008E0291 /* ankr-matic-eth.plist */ = {isa = PBXFileReference; fileEncoding = 4; lastKnownFileType = text.plist.xml; path = "ankr-matic-eth.plist"; sourceTree = "<group>"; };
		C385188E292CAB48004E9661 /* PlatformFilterViewController.swift */ = {isa = PBXFileReference; lastKnownFileType = sourcecode.swift; path = PlatformFilterViewController.swift; sourceTree = "<group>"; };
		C385188F292CAB48004E9661 /* PlatformFilterViewController.xib */ = {isa = PBXFileReference; lastKnownFileType = file.xib; path = PlatformFilterViewController.xib; sourceTree = "<group>"; };
		C3851892292CAB7E004E9661 /* PlatformCell.swift */ = {isa = PBXFileReference; lastKnownFileType = sourcecode.swift; path = PlatformCell.swift; sourceTree = "<group>"; };
		C3851893292CAB7E004E9661 /* PlatformCell.xib */ = {isa = PBXFileReference; lastKnownFileType = file.xib; path = PlatformCell.xib; sourceTree = "<group>"; };
		C3A407FB292340EB008C1220 /* StakingFAQCell.xib */ = {isa = PBXFileReference; fileEncoding = 4; lastKnownFileType = file.xib; path = StakingFAQCell.xib; sourceTree = "<group>"; };
		C3A407FC292340EB008C1220 /* StakingFAQCell.swift */ = {isa = PBXFileReference; fileEncoding = 4; lastKnownFileType = sourcecode.swift; path = StakingFAQCell.swift; sourceTree = "<group>"; };
		C3A407FF2923411C008C1220 /* SectionHeaderFAQView.swift */ = {isa = PBXFileReference; fileEncoding = 4; lastKnownFileType = sourcecode.swift; path = SectionHeaderFAQView.swift; sourceTree = "<group>"; };
		C3A408002923411C008C1220 /* StakingFAQView.swift */ = {isa = PBXFileReference; fileEncoding = 4; lastKnownFileType = sourcecode.swift; path = StakingFAQView.swift; sourceTree = "<group>"; };
		C3A408012923411C008C1220 /* StakingFAQView.xib */ = {isa = PBXFileReference; fileEncoding = 4; lastKnownFileType = file.xib; path = StakingFAQView.xib; sourceTree = "<group>"; };
		C3A4080529234168008C1220 /* ankr-matic-matic.plist */ = {isa = PBXFileReference; fileEncoding = 4; lastKnownFileType = text.plist.xml; path = "ankr-matic-matic.plist"; sourceTree = "<group>"; };
		C3A4080729234169008C1220 /* ankr-bnb.plist */ = {isa = PBXFileReference; fileEncoding = 4; lastKnownFileType = text.plist.xml; path = "ankr-bnb.plist"; sourceTree = "<group>"; };
		C3A4080829234169008C1220 /* FAQModel.swift */ = {isa = PBXFileReference; fileEncoding = 4; lastKnownFileType = sourcecode.swift; path = FAQModel.swift; sourceTree = "<group>"; };
		C3A4080929234169008C1220 /* ankr-avax.plist */ = {isa = PBXFileReference; fileEncoding = 4; lastKnownFileType = text.plist.xml; path = "ankr-avax.plist"; sourceTree = "<group>"; };
		C3A4080A29234169008C1220 /* ankr-ftm.plist */ = {isa = PBXFileReference; fileEncoding = 4; lastKnownFileType = text.plist.xml; path = "ankr-ftm.plist"; sourceTree = "<group>"; };
		C3A4080B2923416A008C1220 /* ankr-eth.plist */ = {isa = PBXFileReference; fileEncoding = 4; lastKnownFileType = text.plist.xml; path = "ankr-eth.plist"; sourceTree = "<group>"; };
		F185B69AD2CDE54B8542A46E /* Pods-EarnModule.debug.xcconfig */ = {isa = PBXFileReference; includeInIndex = 1; lastKnownFileType = text.xcconfig; name = "Pods-EarnModule.debug.xcconfig"; path = "Target Support Files/Pods-EarnModule/Pods-EarnModule.debug.xcconfig"; sourceTree = "<group>"; };
/* End PBXFileReference section */

/* Begin PBXFrameworksBuildPhase section */
		A66FC3F428F4F52100E49E86 /* Frameworks */ = {
			isa = PBXFrameworksBuildPhase;
			buildActionMask = 2147483647;
			files = (
				7EF19EDC290B865300358B66 /* Utilities.framework in Frameworks */,
				7E987F292908F17700AA5F8F /* BaseModule.framework in Frameworks */,
				7EF19ED8290B860B00358B66 /* DesignSystem.framework in Frameworks */,
				7E5E7278290B7E5700156F3C /* Services.framework in Frameworks */,
				724567E960E5EE407A35533D /* Pods_EarnModule.framework in Frameworks */,
				7EAF475D291B60DC00BF5D00 /* TransactionModule.framework in Frameworks */,
			);
			runOnlyForDeploymentPostprocessing = 0;
		};
/* End PBXFrameworksBuildPhase section */

/* Begin PBXGroup section */
		05096E960711A786A1A128BC /* Pods */ = {
			isa = PBXGroup;
			children = (
				F185B69AD2CDE54B8542A46E /* Pods-EarnModule.debug.xcconfig */,
				60E45F03C79752ACE005A2BE /* Pods-EarnModule.release.xcconfig */,
			);
			name = Pods;
			path = ../Pods;
			sourceTree = "<group>";
		};
		7E6EBD66290927F900069B33 /* Cells */ = {
			isa = PBXGroup;
			children = (
				C3A407FC292340EB008C1220 /* StakingFAQCell.swift */,
				C3A407FB292340EB008C1220 /* StakingFAQCell.xib */,
				7EAF4766291B68C100BF5D00 /* EarningTokenCell.swift */,
				7EAF4765291B68C100BF5D00 /* EarningTokenCell.xib */,
				7E6EBD84290931E800069B33 /* StakingPortfolioCell.swift */,
				7E6EBD85290931E900069B33 /* StakingPortfolioCell.xib */,
				7E6EBD812909318E00069B33 /* SkeletonCell.swift */,
				7E6EBD802909318E00069B33 /* SkeletonCell.xib */,
				7E6EBD672909280800069B33 /* EarnPoolPlatformCell.swift */,
				7E6EBD6A2909280900069B33 /* EarnPoolPlatformCell.xib */,
				7E6EBD682909280800069B33 /* EarnPoolViewCell.swift */,
				7E6EBD692909280900069B33 /* EarnPoolViewCell.xib */,
				C3851892292CAB7E004E9661 /* PlatformCell.swift */,
				C3851893292CAB7E004E9661 /* PlatformCell.xib */,
				7ED78DD8293F5756000E736F /* PortfolioPieChartCell.swift */,
				7ED78DD9293F5756000E736F /* PortfolioPieChartCell.xib */,
				7E693E5E294097B40069CFFE /* ChartLegendTokenCell.swift */,
				7E693E5F294097B40069CFFE /* ChartLegendTokenCell.xib */,
				7E0DAE32294711670045AD35 /* EarningTypeCell.swift */,
				7E0DAE33294711670045AD35 /* EarningTypeCell.xib */,
			);
			path = Cells;
			sourceTree = "<group>";
		};
		7E987F272908F17700AA5F8F /* Frameworks */ = {
			isa = PBXGroup;
			children = (
				7EAF475C291B60DC00BF5D00 /* TransactionModule.framework */,
				7EF19EDB290B865300358B66 /* Utilities.framework */,
				7EF19ED7290B860B00358B66 /* DesignSystem.framework */,
				7E5E7277290B7E5700156F3C /* Services.framework */,
				7E987F282908F17700AA5F8F /* BaseModule.framework */,
				B5969EB6F30F2999141BBB05 /* Pods_EarnModule.framework */,
			);
			name = Frameworks;
			sourceTree = "<group>";
		};
		7EAF4760291B684900BF5D00 /* View */ = {
			isa = PBXGroup;
			children = (
				C3A407FF2923411C008C1220 /* SectionHeaderFAQView.swift */,
				C3A408002923411C008C1220 /* StakingFAQView.swift */,
				C3A408012923411C008C1220 /* StakingFAQView.xib */,
				7EAF4762291B685500BF5D00 /* StakingEarningTokensView.swift */,
				7EAF4761291B685500BF5D00 /* StakingEarningTokensView.xib */,
				7ED78DD4293F2B8E000E736F /* PortfolioHeaderView.swift */,
				7ED78DD6293F2BAB000E736F /* PortfolioHeaderView.xib */,
			);
			path = View;
			sourceTree = "<group>";
		};
		7EB252BB2907F29100648438 /* ViewControllers */ = {
			isa = PBXGroup;
			children = (
				7E6EBD5D29091E0700069B33 /* EarnListViewController.swift */,
				7E6EBD5C29091E0700069B33 /* EarnListViewController.xib */,
				7E6EBD5E29091E0700069B33 /* StakingPortfolioViewController.swift */,
				7E6EBD5F29091E0800069B33 /* StakingPortfolioViewController.xib */,
				7E987F252908E92500AA5F8F /* EarnOverviewController.xib */,
				7EB252B72907F25200648438 /* EarnOverviewController.swift */,
				7E36E367291A530A009BC8FE /* UnstakeViewController.swift */,
				7E36E368291A530A009BC8FE /* UnstakeViewController.xib */,
				7EAF474E291B567500BF5D00 /* StakingTrasactionProcessPopup.swift */,
				7EAF4750291B567600BF5D00 /* StakingTrasactionProcessPopup.xib */,
				7EAF474C291B567400BF5D00 /* StakingViewController.swift */,
				7EAF474D291B567500BF5D00 /* StakingViewController.xib */,
				A6FDE58C2924BCDA009BC64B /* ClaimTxStatusPopup.swift */,
				A6FDE58D2924BCDA009BC64B /* ClaimTxStatusPopup.xib */,
				C385188E292CAB48004E9661 /* PlatformFilterViewController.swift */,
				C385188F292CAB48004E9661 /* PlatformFilterViewController.xib */,
			);
			path = ViewControllers;
			sourceTree = "<group>";
		};
		7EB252BC2907F2A800648438 /* Resources */ = {
			isa = PBXGroup;
			children = (
				7EAF477D291B7CDB00BF5D00 /* TransitionDelegate.swift */,
				7EAF4779291B7C5800BF5D00 /* KNPrettyAlertController.swift */,
				7EAF477A291B7C5800BF5D00 /* KNPrettyAlertController.xib */,
				7E6EBD8A2909386900069B33 /* Images.swift */,
				7E6EBD6F290928D400069B33 /* Strings.swift */,
				7EB252BD2907F30300648438 /* EarnModule.swift */,
				7EB252C22907F43B00648438 /* Observer.swift */,
				7EB252C62907F7EC00648438 /* TypeAliases.swift */,
				7EB252C82907F8C300648438 /* NSObject.swift */,
				7E6EBD6429091F7A00069B33 /* Assets.xcassets */,
				7E6EBD71290929A400069B33 /* Localizable.strings */,
				A6D1F7F0291B847800ABA52B /* Constants.swift */,
			);
			path = Resources;
			sourceTree = "<group>";
		};
		7EB252BF2907F3C500648438 /* ViewModel */ = {
			isa = PBXGroup;
			children = (
				7EB252C02907F3E100648438 /* EarnOverViewModel.swift */,
				A6D1F807291BAF1E00ABA52B /* StakingViewModel.swift */,
				A6D1F809291BB0F100ABA52B /* StakingSummaryViewModel.swift */,
				A61B297629236F2E0064C3FE /* StakingConfirmClaimPopupViewModel.swift */,
				A6FDE5902924BE34009BC64B /* ClaimTxStatusPopupViewModel.swift */,
				7ED1AF1D291E29AD00BA7C75 /* StakingPortfolioViewModel.swift */,
				7E71FA792921E9BC0021E67D /* UnstakeViewModel.swift */,
				7E181E5E2923713700C661CD /* UnstakeSummaryViewModel.swift */,
				7EB00DE62924F463001B2136 /* TrasactionProcessPopupViewModel.swift */,
				7EEF41732942E6E0006FA506 /* PortfolioPieChartCellViewModel.swift */,
			);
			path = ViewModel;
			sourceTree = "<group>";
		};
		A61B297A292384CF0064C3FE /* ParamBuilders */ = {
			isa = PBXGroup;
			children = (
				A61B297B292384E80064C3FE /* SpecifiedEarningPlatform.swift */,
				A61B297D292385000064C3FE /* EarnParamBuilder.swift */,
				A61B297F292385780064C3FE /* EarnParamBuilderFactory.swift */,
				A61B2981292385AC0064C3FE /* AnkrParamBuilder.swift */,
				A61B2983292385C30064C3FE /* LidoParamBuilder.swift */,
				A61B2985292385CD0064C3FE /* CommonParamBuilder.swift */,
			);
			path = ParamBuilders;
			sourceTree = "<group>";
		};
		A66FC3ED28F4F52100E49E86 = {
			isa = PBXGroup;
			children = (
				A66FC3F928F4F52100E49E86 /* EarnModule */,
				A66FC3F828F4F52100E49E86 /* Products */,
				7E987F272908F17700AA5F8F /* Frameworks */,
				05096E960711A786A1A128BC /* Pods */,
			);
			sourceTree = "<group>";
		};
		A66FC3F828F4F52100E49E86 /* Products */ = {
			isa = PBXGroup;
			children = (
				A66FC3F728F4F52100E49E86 /* EarnModule.framework */,
			);
			name = Products;
			sourceTree = "<group>";
		};
		A66FC3F928F4F52100E49E86 /* EarnModule */ = {
			isa = PBXGroup;
			children = (
				A61B297A292384CF0064C3FE /* ParamBuilders */,
				A69E8EB2291DEE91005B28CB /* Models */,
				7EAF4760291B684900BF5D00 /* View */,
				7E6EBD66290927F900069B33 /* Cells */,
				7EB252BF2907F3C500648438 /* ViewModel */,
				7EB252BC2907F2A800648438 /* Resources */,
				7EB252BB2907F29100648438 /* ViewControllers */,
				A66FC3FA28F4F52100E49E86 /* EarnModule.h */,
			);
			path = EarnModule;
			sourceTree = "<group>";
		};
		A69E8EB2291DEE91005B28CB /* Models */ = {
			isa = PBXGroup;
			children = (
				C3A4080929234169008C1220 /* ankr-avax.plist */,
				C3A4080729234169008C1220 /* ankr-bnb.plist */,
				C3A4080B2923416A008C1220 /* ankr-eth.plist */,
				C376A2AF29261075008E0291 /* ankr-matic-eth.plist */,
				C3A4080A29234169008C1220 /* ankr-ftm.plist */,
				C3A4080529234168008C1220 /* ankr-matic-matic.plist */,
				C3A4080829234169008C1220 /* FAQModel.swift */,
				A61B29892924BA040064C3FE /* PendingClaimTxInfo.swift */,
				7E181E642923A6E400C661CD /* PendingUnstakeTxInfo.swift */,
				A69E8EB0291DDEBB005B28CB /* PendingStakingTxInfo.swift */,
				A69E8EB3291DEF23005B28CB /* StakeDisplayInfo.swift */,
				A61715E1291E343C001778C7 /* StakingValidationError.swift */,
				C36AD4B02924F2680031770E /* lido-eth.plist */,
				C36AD4B22924F8DC0031770E /* lido-matic.plist */,
				7E181E6029237A5E00C661CD /* UnstakeDisplayInfo.swift */,
				A6066935292B7E6C00718E90 /* EarningType.swift */,
			);
			path = Models;
			sourceTree = "<group>";
		};
/* End PBXGroup section */

/* Begin PBXHeadersBuildPhase section */
		A66FC3F228F4F52100E49E86 /* Headers */ = {
			isa = PBXHeadersBuildPhase;
			buildActionMask = 2147483647;
			files = (
				A66FC3FB28F4F52100E49E86 /* EarnModule.h in Headers */,
			);
			runOnlyForDeploymentPostprocessing = 0;
		};
/* End PBXHeadersBuildPhase section */

/* Begin PBXNativeTarget section */
		A66FC3F628F4F52100E49E86 /* EarnModule */ = {
			isa = PBXNativeTarget;
			buildConfigurationList = A66FC3FE28F4F52100E49E86 /* Build configuration list for PBXNativeTarget "EarnModule" */;
			buildPhases = (
				C99E5893502B8B2D8984C2FD /* [CP] Check Pods Manifest.lock */,
				A66FC3F228F4F52100E49E86 /* Headers */,
				A66FC3F328F4F52100E49E86 /* Sources */,
				A66FC3F428F4F52100E49E86 /* Frameworks */,
				A66FC3F528F4F52100E49E86 /* Resources */,
			);
			buildRules = (
			);
			dependencies = (
			);
			name = EarnModule;
			productName = EarnModule;
			productReference = A66FC3F728F4F52100E49E86 /* EarnModule.framework */;
			productType = "com.apple.product-type.framework";
		};
/* End PBXNativeTarget section */

/* Begin PBXProject section */
		A66FC3EE28F4F52100E49E86 /* Project object */ = {
			isa = PBXProject;
			attributes = {
				BuildIndependentTargetsInParallel = 1;
				KnownAssetTags = (
					Resources,
				);
				LastUpgradeCheck = 1340;
				TargetAttributes = {
					A66FC3F628F4F52100E49E86 = {
						CreatedOnToolsVersion = 13.4;
						LastSwiftMigration = 1400;
					};
				};
			};
			buildConfigurationList = A66FC3F128F4F52100E49E86 /* Build configuration list for PBXProject "EarnModule" */;
			compatibilityVersion = "Xcode 13.0";
			developmentRegion = en;
			hasScannedForEncodings = 0;
			knownRegions = (
				en,
				Base,
			);
			mainGroup = A66FC3ED28F4F52100E49E86;
			productRefGroup = A66FC3F828F4F52100E49E86 /* Products */;
			projectDirPath = "";
			projectRoot = "";
			targets = (
				A66FC3F628F4F52100E49E86 /* EarnModule */,
			);
		};
/* End PBXProject section */

/* Begin PBXResourcesBuildPhase section */
		A66FC3F528F4F52100E49E86 /* Resources */ = {
			isa = PBXResourcesBuildPhase;
			buildActionMask = 2147483647;
			files = (
				7E6EBD6029091E0800069B33 /* EarnListViewController.xib in Resources */,
				C3851891292CAB48004E9661 /* PlatformFilterViewController.xib in Resources */,
				7ED78DDB293F5756000E736F /* PortfolioPieChartCell.xib in Resources */,
				A6FDE58F2924BCDA009BC64B /* ClaimTxStatusPopup.xib in Resources */,
				7E6EBD6329091E0800069B33 /* StakingPortfolioViewController.xib in Resources */,
				7E36E36A291A530A009BC8FE /* UnstakeViewController.xib in Resources */,
				7EAF4763291B685500BF5D00 /* StakingEarningTokensView.xib in Resources */,
				7ED1AF23291E498100BA7C75 /* Assets.xcassets in Resources */,
				7ED78DD7293F2BAB000E736F /* PortfolioHeaderView.xib in Resources */,
				7E6EBD6D2909280900069B33 /* EarnPoolViewCell.xib in Resources */,
				7E0DAE35294711670045AD35 /* EarningTypeCell.xib in Resources */,
				7E6EBD72290929A400069B33 /* Localizable.strings in Resources */,
				C36AD4B12924F2680031770E /* lido-eth.plist in Resources */,
				C376A2B029261075008E0291 /* ankr-matic-eth.plist in Resources */,
				C3A408102923416A008C1220 /* ankr-avax.plist in Resources */,
				7EAF4756291B567600BF5D00 /* StakingTrasactionProcessPopup.xib in Resources */,
				7E6EBD822909318E00069B33 /* SkeletonCell.xib in Resources */,
				C3851895292CAB7E004E9661 /* PlatformCell.xib in Resources */,
				7EAF477C291B7C5800BF5D00 /* KNPrettyAlertController.xib in Resources */,
				7E6EBD6E2909280900069B33 /* EarnPoolPlatformCell.xib in Resources */,
				7EAF4753291B567600BF5D00 /* StakingViewController.xib in Resources */,
				C3A408112923416A008C1220 /* ankr-ftm.plist in Resources */,
				C3A407FD292340EB008C1220 /* StakingFAQCell.xib in Resources */,
				7E6EBD87290931E900069B33 /* StakingPortfolioCell.xib in Resources */,
				C3A4080E2923416A008C1220 /* ankr-bnb.plist in Resources */,
				C3A4080C2923416A008C1220 /* ankr-matic-matic.plist in Resources */,
				7E693E61294097B40069CFFE /* ChartLegendTokenCell.xib in Resources */,
				C3A408042923411C008C1220 /* StakingFAQView.xib in Resources */,
				7EAF4767291B68C100BF5D00 /* EarningTokenCell.xib in Resources */,
				7E987F262908E92500AA5F8F /* EarnOverviewController.xib in Resources */,
				C36AD4B32924F8DC0031770E /* lido-matic.plist in Resources */,
				C3A408122923416A008C1220 /* ankr-eth.plist in Resources */,
			);
			runOnlyForDeploymentPostprocessing = 0;
		};
/* End PBXResourcesBuildPhase section */

/* Begin PBXShellScriptBuildPhase section */
		C99E5893502B8B2D8984C2FD /* [CP] Check Pods Manifest.lock */ = {
			isa = PBXShellScriptBuildPhase;
			buildActionMask = 2147483647;
			files = (
			);
			inputFileListPaths = (
			);
			inputPaths = (
				"${PODS_PODFILE_DIR_PATH}/Podfile.lock",
				"${PODS_ROOT}/Manifest.lock",
			);
			name = "[CP] Check Pods Manifest.lock";
			outputFileListPaths = (
			);
			outputPaths = (
				"$(DERIVED_FILE_DIR)/Pods-EarnModule-checkManifestLockResult.txt",
			);
			runOnlyForDeploymentPostprocessing = 0;
			shellPath = /bin/sh;
			shellScript = "diff \"${PODS_PODFILE_DIR_PATH}/Podfile.lock\" \"${PODS_ROOT}/Manifest.lock\" > /dev/null\nif [ $? != 0 ] ; then\n    # print error to STDERR\n    echo \"error: The sandbox is not in sync with the Podfile.lock. Run 'pod install' or update your CocoaPods installation.\" >&2\n    exit 1\nfi\n# This output is used by Xcode 'outputs' to avoid re-running this script phase.\necho \"SUCCESS\" > \"${SCRIPT_OUTPUT_FILE_0}\"\n";
			showEnvVarsInLog = 0;
		};
/* End PBXShellScriptBuildPhase section */

/* Begin PBXSourcesBuildPhase section */
		A66FC3F328F4F52100E49E86 /* Sources */ = {
			isa = PBXSourcesBuildPhase;
			buildActionMask = 2147483647;
			files = (
				A69E8EB4291DEF23005B28CB /* StakeDisplayInfo.swift in Sources */,
				7E6EBD6B2909280900069B33 /* EarnPoolPlatformCell.swift in Sources */,
				A6D1F7F1291B847800ABA52B /* Constants.swift in Sources */,
				A6FDE5912924BE34009BC64B /* ClaimTxStatusPopupViewModel.swift in Sources */,
				7E6EBD6129091E0800069B33 /* EarnListViewController.swift in Sources */,
				A61B297C292384E80064C3FE /* SpecifiedEarningPlatform.swift in Sources */,
				A6FDE58E2924BCDA009BC64B /* ClaimTxStatusPopup.swift in Sources */,
				7EB00DE72924F463001B2136 /* TrasactionProcessPopupViewModel.swift in Sources */,
				7ED78DD5293F2B8E000E736F /* PortfolioHeaderView.swift in Sources */,
				7E6EBD6C2909280900069B33 /* EarnPoolViewCell.swift in Sources */,
				7E6EBD86290931E900069B33 /* StakingPortfolioCell.swift in Sources */,
				7E71FA7A2921E9BD0021E67D /* UnstakeViewModel.swift in Sources */,
				7E181E6129237A5E00C661CD /* UnstakeDisplayInfo.swift in Sources */,
				C3851894292CAB7E004E9661 /* PlatformCell.swift in Sources */,
				7EB252C72907F7EC00648438 /* TypeAliases.swift in Sources */,
				A6D1F808291BAF1E00ABA52B /* StakingViewModel.swift in Sources */,
				A61B297E292385000064C3FE /* EarnParamBuilder.swift in Sources */,
				A61B2980292385780064C3FE /* EarnParamBuilderFactory.swift in Sources */,
				7E693E60294097B40069CFFE /* ChartLegendTokenCell.swift in Sources */,
				7EB252C12907F3E100648438 /* EarnOverViewModel.swift in Sources */,
				A61B2984292385C30064C3FE /* LidoParamBuilder.swift in Sources */,
				7EAF4768291B68C100BF5D00 /* EarningTokenCell.swift in Sources */,
				7EAF477E291B7CDB00BF5D00 /* TransitionDelegate.swift in Sources */,
				C3A408022923411C008C1220 /* SectionHeaderFAQView.swift in Sources */,
				C3A4080F2923416A008C1220 /* FAQModel.swift in Sources */,
				7ED78DDA293F5756000E736F /* PortfolioPieChartCell.swift in Sources */,
				7E181E652923A6E400C661CD /* PendingUnstakeTxInfo.swift in Sources */,
				7EAF4752291B567600BF5D00 /* StakingViewController.swift in Sources */,
				7E0DAE34294711670045AD35 /* EarningTypeCell.swift in Sources */,
				7EB252C32907F43B00648438 /* Observer.swift in Sources */,
				7E36E369291A530A009BC8FE /* UnstakeViewController.swift in Sources */,
				C3A408032923411C008C1220 /* StakingFAQView.swift in Sources */,
				A6D1F80A291BB0F100ABA52B /* StakingSummaryViewModel.swift in Sources */,
				7EB252C92907F8C300648438 /* NSObject.swift in Sources */,
				7E6EBD8B2909386900069B33 /* Images.swift in Sources */,
				7EB252B92907F25200648438 /* EarnOverviewController.swift in Sources */,
				A61B2982292385AC0064C3FE /* AnkrParamBuilder.swift in Sources */,
				7EAF4764291B685500BF5D00 /* StakingEarningTokensView.swift in Sources */,
				7EEF41742942E6E0006FA506 /* PortfolioPieChartCellViewModel.swift in Sources */,
				7ED1AF1E291E29AD00BA7C75 /* StakingPortfolioViewModel.swift in Sources */,
				A6066936292B7E6C00718E90 /* EarningType.swift in Sources */,
				7EB252BE2907F30300648438 /* EarnModule.swift in Sources */,
				C3851890292CAB48004E9661 /* PlatformFilterViewController.swift in Sources */,
				A69E8EB1291DDEBB005B28CB /* PendingStakingTxInfo.swift in Sources */,
				7EAF477B291B7C5800BF5D00 /* KNPrettyAlertController.swift in Sources */,
				A61B297729236F2E0064C3FE /* StakingConfirmClaimPopupViewModel.swift in Sources */,
				7E6EBD70290928D400069B33 /* Strings.swift in Sources */,
				A61B298A2924BA040064C3FE /* PendingClaimTxInfo.swift in Sources */,
				7E181E5F2923713700C661CD /* UnstakeSummaryViewModel.swift in Sources */,
				A61715E2291E343C001778C7 /* StakingValidationError.swift in Sources */,
				A61B2986292385CD0064C3FE /* CommonParamBuilder.swift in Sources */,
				C3A407FE292340EB008C1220 /* StakingFAQCell.swift in Sources */,
				7E6EBD6229091E0800069B33 /* StakingPortfolioViewController.swift in Sources */,
				7E6EBD832909318E00069B33 /* SkeletonCell.swift in Sources */,
				7EAF4754291B567600BF5D00 /* StakingTrasactionProcessPopup.swift in Sources */,
			);
			runOnlyForDeploymentPostprocessing = 0;
		};
/* End PBXSourcesBuildPhase section */

/* Begin XCBuildConfiguration section */
		A66FC3FC28F4F52100E49E86 /* Debug */ = {
			isa = XCBuildConfiguration;
			buildSettings = {
				ALWAYS_SEARCH_USER_PATHS = NO;
				CLANG_ANALYZER_NONNULL = YES;
				CLANG_ANALYZER_NUMBER_OBJECT_CONVERSION = YES_AGGRESSIVE;
				CLANG_CXX_LANGUAGE_STANDARD = "gnu++17";
				CLANG_ENABLE_MODULES = YES;
				CLANG_ENABLE_OBJC_ARC = YES;
				CLANG_ENABLE_OBJC_WEAK = YES;
				CLANG_WARN_BLOCK_CAPTURE_AUTORELEASING = YES;
				CLANG_WARN_BOOL_CONVERSION = YES;
				CLANG_WARN_COMMA = YES;
				CLANG_WARN_CONSTANT_CONVERSION = YES;
				CLANG_WARN_DEPRECATED_OBJC_IMPLEMENTATIONS = YES;
				CLANG_WARN_DIRECT_OBJC_ISA_USAGE = YES_ERROR;
				CLANG_WARN_DOCUMENTATION_COMMENTS = YES;
				CLANG_WARN_EMPTY_BODY = YES;
				CLANG_WARN_ENUM_CONVERSION = YES;
				CLANG_WARN_INFINITE_RECURSION = YES;
				CLANG_WARN_INT_CONVERSION = YES;
				CLANG_WARN_NON_LITERAL_NULL_CONVERSION = YES;
				CLANG_WARN_OBJC_IMPLICIT_RETAIN_SELF = YES;
				CLANG_WARN_OBJC_LITERAL_CONVERSION = YES;
				CLANG_WARN_OBJC_ROOT_CLASS = YES_ERROR;
				CLANG_WARN_QUOTED_INCLUDE_IN_FRAMEWORK_HEADER = YES;
				CLANG_WARN_RANGE_LOOP_ANALYSIS = YES;
				CLANG_WARN_STRICT_PROTOTYPES = YES;
				CLANG_WARN_SUSPICIOUS_MOVE = YES;
				CLANG_WARN_UNGUARDED_AVAILABILITY = YES_AGGRESSIVE;
				CLANG_WARN_UNREACHABLE_CODE = YES;
				CLANG_WARN__DUPLICATE_METHOD_MATCH = YES;
				COPY_PHASE_STRIP = NO;
				CURRENT_PROJECT_VERSION = 1;
				DEBUG_INFORMATION_FORMAT = dwarf;
				ENABLE_STRICT_OBJC_MSGSEND = YES;
				ENABLE_TESTABILITY = YES;
				GCC_C_LANGUAGE_STANDARD = gnu11;
				GCC_DYNAMIC_NO_PIC = NO;
				GCC_NO_COMMON_BLOCKS = YES;
				GCC_OPTIMIZATION_LEVEL = 0;
				GCC_PREPROCESSOR_DEFINITIONS = (
					"DEBUG=1",
					"$(inherited)",
				);
				GCC_WARN_64_TO_32_BIT_CONVERSION = YES;
				GCC_WARN_ABOUT_RETURN_TYPE = YES_ERROR;
				GCC_WARN_UNDECLARED_SELECTOR = YES;
				GCC_WARN_UNINITIALIZED_AUTOS = YES_AGGRESSIVE;
				GCC_WARN_UNUSED_FUNCTION = YES;
				GCC_WARN_UNUSED_VARIABLE = YES;
				IPHONEOS_DEPLOYMENT_TARGET = 15.5;
				MTL_ENABLE_DEBUG_INFO = INCLUDE_SOURCE;
				MTL_FAST_MATH = YES;
				ONLY_ACTIVE_ARCH = YES;
				SDKROOT = iphoneos;
				SWIFT_ACTIVE_COMPILATION_CONDITIONS = DEBUG;
				SWIFT_OPTIMIZATION_LEVEL = "-Onone";
				VERSIONING_SYSTEM = "apple-generic";
				VERSION_INFO_PREFIX = "";
			};
			name = Debug;
		};
		A66FC3FD28F4F52100E49E86 /* Release */ = {
			isa = XCBuildConfiguration;
			buildSettings = {
				ALWAYS_SEARCH_USER_PATHS = NO;
				CLANG_ANALYZER_NONNULL = YES;
				CLANG_ANALYZER_NUMBER_OBJECT_CONVERSION = YES_AGGRESSIVE;
				CLANG_CXX_LANGUAGE_STANDARD = "gnu++17";
				CLANG_ENABLE_MODULES = YES;
				CLANG_ENABLE_OBJC_ARC = YES;
				CLANG_ENABLE_OBJC_WEAK = YES;
				CLANG_WARN_BLOCK_CAPTURE_AUTORELEASING = YES;
				CLANG_WARN_BOOL_CONVERSION = YES;
				CLANG_WARN_COMMA = YES;
				CLANG_WARN_CONSTANT_CONVERSION = YES;
				CLANG_WARN_DEPRECATED_OBJC_IMPLEMENTATIONS = YES;
				CLANG_WARN_DIRECT_OBJC_ISA_USAGE = YES_ERROR;
				CLANG_WARN_DOCUMENTATION_COMMENTS = YES;
				CLANG_WARN_EMPTY_BODY = YES;
				CLANG_WARN_ENUM_CONVERSION = YES;
				CLANG_WARN_INFINITE_RECURSION = YES;
				CLANG_WARN_INT_CONVERSION = YES;
				CLANG_WARN_NON_LITERAL_NULL_CONVERSION = YES;
				CLANG_WARN_OBJC_IMPLICIT_RETAIN_SELF = YES;
				CLANG_WARN_OBJC_LITERAL_CONVERSION = YES;
				CLANG_WARN_OBJC_ROOT_CLASS = YES_ERROR;
				CLANG_WARN_QUOTED_INCLUDE_IN_FRAMEWORK_HEADER = YES;
				CLANG_WARN_RANGE_LOOP_ANALYSIS = YES;
				CLANG_WARN_STRICT_PROTOTYPES = YES;
				CLANG_WARN_SUSPICIOUS_MOVE = YES;
				CLANG_WARN_UNGUARDED_AVAILABILITY = YES_AGGRESSIVE;
				CLANG_WARN_UNREACHABLE_CODE = YES;
				CLANG_WARN__DUPLICATE_METHOD_MATCH = YES;
				COPY_PHASE_STRIP = NO;
				CURRENT_PROJECT_VERSION = 1;
				DEBUG_INFORMATION_FORMAT = "dwarf-with-dsym";
				ENABLE_NS_ASSERTIONS = NO;
				ENABLE_STRICT_OBJC_MSGSEND = YES;
				GCC_C_LANGUAGE_STANDARD = gnu11;
				GCC_NO_COMMON_BLOCKS = YES;
				GCC_WARN_64_TO_32_BIT_CONVERSION = YES;
				GCC_WARN_ABOUT_RETURN_TYPE = YES_ERROR;
				GCC_WARN_UNDECLARED_SELECTOR = YES;
				GCC_WARN_UNINITIALIZED_AUTOS = YES_AGGRESSIVE;
				GCC_WARN_UNUSED_FUNCTION = YES;
				GCC_WARN_UNUSED_VARIABLE = YES;
				IPHONEOS_DEPLOYMENT_TARGET = 15.5;
				MTL_ENABLE_DEBUG_INFO = NO;
				MTL_FAST_MATH = YES;
				SDKROOT = iphoneos;
				SWIFT_COMPILATION_MODE = wholemodule;
				SWIFT_OPTIMIZATION_LEVEL = "-O";
				VALIDATE_PRODUCT = YES;
				VERSIONING_SYSTEM = "apple-generic";
				VERSION_INFO_PREFIX = "";
			};
			name = Release;
		};
		A66FC3FF28F4F52100E49E86 /* Debug */ = {
			isa = XCBuildConfiguration;
			baseConfigurationReference = F185B69AD2CDE54B8542A46E /* Pods-EarnModule.debug.xcconfig */;
			buildSettings = {
				CLANG_ENABLE_MODULES = YES;
				CODE_SIGN_STYLE = Automatic;
				CURRENT_PROJECT_VERSION = 1;
				DEFINES_MODULE = YES;
				DEVELOPMENT_TEAM = G9CRYMTLBL;
				DYLIB_COMPATIBILITY_VERSION = 1;
				DYLIB_CURRENT_VERSION = 1;
				DYLIB_INSTALL_NAME_BASE = "@rpath";
				GENERATE_INFOPLIST_FILE = YES;
				INFOPLIST_KEY_NSHumanReadableCopyright = "";
				INSTALL_PATH = "$(LOCAL_LIBRARY_DIR)/Frameworks";
				IPHONEOS_DEPLOYMENT_TARGET = 12.0;
				LD_RUNPATH_SEARCH_PATHS = (
					"$(inherited)",
					"@executable_path/Frameworks",
					"@loader_path/Frameworks",
				);
				MARKETING_VERSION = 1.0.0;
				PRODUCT_BUNDLE_IDENTIFIER = com.kyrd.krystal.ios.earn.EarnModule;
				PRODUCT_NAME = "$(TARGET_NAME:c99extidentifier)";
				SKIP_INSTALL = YES;
				SUPPORTS_MACCATALYST = NO;
				SWIFT_EMIT_LOC_STRINGS = YES;
				SWIFT_OPTIMIZATION_LEVEL = "-Onone";
				SWIFT_VERSION = 4.2;
				TARGETED_DEVICE_FAMILY = 1;
			};
			name = Debug;
		};
		A66FC40028F4F52100E49E86 /* Release */ = {
			isa = XCBuildConfiguration;
			baseConfigurationReference = 60E45F03C79752ACE005A2BE /* Pods-EarnModule.release.xcconfig */;
			buildSettings = {
				CLANG_ENABLE_MODULES = YES;
				CODE_SIGN_STYLE = Automatic;
				CURRENT_PROJECT_VERSION = 1;
				DEFINES_MODULE = YES;
				DEVELOPMENT_TEAM = G9CRYMTLBL;
				DYLIB_COMPATIBILITY_VERSION = 1;
				DYLIB_CURRENT_VERSION = 1;
				DYLIB_INSTALL_NAME_BASE = "@rpath";
				GENERATE_INFOPLIST_FILE = YES;
				INFOPLIST_KEY_NSHumanReadableCopyright = "";
				INSTALL_PATH = "$(LOCAL_LIBRARY_DIR)/Frameworks";
				IPHONEOS_DEPLOYMENT_TARGET = 12.0;
				LD_RUNPATH_SEARCH_PATHS = (
					"$(inherited)",
					"@executable_path/Frameworks",
					"@loader_path/Frameworks",
				);
				MARKETING_VERSION = 1.0.0;
				PRODUCT_BUNDLE_IDENTIFIER = com.kyrd.krystal.ios.earn.EarnModule;
				PRODUCT_NAME = "$(TARGET_NAME:c99extidentifier)";
				SKIP_INSTALL = YES;
				SUPPORTS_MACCATALYST = NO;
				SWIFT_EMIT_LOC_STRINGS = YES;
				SWIFT_VERSION = 4.2;
				TARGETED_DEVICE_FAMILY = 1;
			};
			name = Release;
		};
/* End XCBuildConfiguration section */

/* Begin XCConfigurationList section */
		A66FC3F128F4F52100E49E86 /* Build configuration list for PBXProject "EarnModule" */ = {
			isa = XCConfigurationList;
			buildConfigurations = (
				A66FC3FC28F4F52100E49E86 /* Debug */,
				A66FC3FD28F4F52100E49E86 /* Release */,
			);
			defaultConfigurationIsVisible = 0;
			defaultConfigurationName = Release;
		};
		A66FC3FE28F4F52100E49E86 /* Build configuration list for PBXNativeTarget "EarnModule" */ = {
			isa = XCConfigurationList;
			buildConfigurations = (
				A66FC3FF28F4F52100E49E86 /* Debug */,
				A66FC40028F4F52100E49E86 /* Release */,
			);
			defaultConfigurationIsVisible = 0;
			defaultConfigurationName = Release;
		};
/* End XCConfigurationList section */
	};
	rootObject = A66FC3EE28F4F52100E49E86 /* Project object */;
}
