// !$*UTF8*$!
{
	archiveVersion = 1;
	classes = {
	};
	objectVersion = 55;
	objects = {

/* Begin PBXBuildFile section */
		7AF0F9DD3CC978A37BF121EA /* Pods_Utilities.framework in Frameworks */ = {isa = PBXBuildFile; fileRef = 7A24B6E36190B9757D206062 /* Pods_Utilities.framework */; };
		7E6EBD89290937BD00069B33 /* UIFont+.swift in Sources */ = {isa = PBXBuildFile; fileRef = 7E6EBD88290937BD00069B33 /* UIFont+.swift */; };
		7EAF476A291B695000BF5D00 /* UICollectionView+register.swift in Sources */ = {isa = PBXBuildFile; fileRef = 7EAF4769291B695000BF5D00 /* UICollectionView+register.swift */; };
		7EB129B42938B1AF00CE6D1C /* NSObject+.swift in Sources */ = {isa = PBXBuildFile; fileRef = 7EB129B32938B1AF00CE6D1C /* NSObject+.swift */; };
		7ECC45C62939B07100B37D30 /* Images.swift in Sources */ = {isa = PBXBuildFile; fileRef = 7ECC45C52939B07100B37D30 /* Images.swift */; };
		7ECC45C82939B47700B37D30 /* Assets.xcassets in Resources */ = {isa = PBXBuildFile; fileRef = 7ECC45C72939B47700B37D30 /* Assets.xcassets */; };
		7EF91081295ADF40001B9853 /* UIDevice+.swift in Sources */ = {isa = PBXBuildFile; fileRef = 7EF91080295ADF40001B9853 /* UIDevice+.swift */; };
		A64C2DE528F6D57A002FD64C /* BaseXibView.swift in Sources */ = {isa = PBXBuildFile; fileRef = A64C2DE428F6D57A002FD64C /* BaseXibView.swift */; };
		A64C2DFA28F6D657002FD64C /* NumberFormatUtils.swift in Sources */ = {isa = PBXBuildFile; fileRef = A64C2DF928F6D657002FD64C /* NumberFormatUtils.swift */; };
		A64C2E0128F6D833002FD64C /* UIViewController+nib.swift in Sources */ = {isa = PBXBuildFile; fileRef = A64C2E0028F6D833002FD64C /* UIViewController+nib.swift */; };
		A64C2E0328F6D845002FD64C /* UITableView+register.swift in Sources */ = {isa = PBXBuildFile; fileRef = A64C2E0228F6D845002FD64C /* UITableView+register.swift */; };
		A64C2E0528F6F159002FD64C /* Observable.swift in Sources */ = {isa = PBXBuildFile; fileRef = A64C2E0428F6F159002FD64C /* Observable.swift */; };
		A64C2E1828F6F95B002FD64C /* UIView+accessiblityID.swift in Sources */ = {isa = PBXBuildFile; fileRef = A64C2E1728F6F95B002FD64C /* UIView+accessiblityID.swift */; };
		A64C2E1A28F6F9EC002FD64C /* UIImage+kf.swift in Sources */ = {isa = PBXBuildFile; fileRef = A64C2E1928F6F9EC002FD64C /* UIImage+kf.swift */; };
		A64C2E4228F7F3FE002FD64C /* UIView+.swift in Sources */ = {isa = PBXBuildFile; fileRef = A64C2E4128F7F3FE002FD64C /* UIView+.swift */; };
		A64C2E4428F7F58A002FD64C /* CAGradientLayer+.swift in Sources */ = {isa = PBXBuildFile; fileRef = A64C2E4328F7F58A002FD64C /* CAGradientLayer+.swift */; };
		A64C2E4928F7F938002FD64C /* UIButton.swift in Sources */ = {isa = PBXBuildFile; fileRef = A64C2E4828F7F938002FD64C /* UIButton.swift */; };
		A64C2E5328F8121F002FD64C /* UITextField+.swift in Sources */ = {isa = PBXBuildFile; fileRef = A64C2E5228F8121F002FD64C /* UITextField+.swift */; };
		A64C2E5D28F8779C002FD64C /* JSONDictionary.swift in Sources */ = {isa = PBXBuildFile; fileRef = A64C2E5C28F8779C002FD64C /* JSONDictionary.swift */; };
		A64C2E6828F87EF2002FD64C /* String+.swift in Sources */ = {isa = PBXBuildFile; fileRef = A64C2E6728F87EF2002FD64C /* String+.swift */; };
		A64C2E7328F91051002FD64C /* Error+pretty.swift in Sources */ = {isa = PBXBuildFile; fileRef = A64C2E7228F91051002FD64C /* Error+pretty.swift */; };
		A64C2E7728F9113C002FD64C /* String+number.swift in Sources */ = {isa = PBXBuildFile; fileRef = A64C2E7628F9113C002FD64C /* String+number.swift */; };
		A64C2E7928F91165002FD64C /* Data+hex.swift in Sources */ = {isa = PBXBuildFile; fileRef = A64C2E7828F91165002FD64C /* Data+hex.swift */; };
		A64C2E7B28F911B8002FD64C /* EtherNumberFormatter.swift in Sources */ = {isa = PBXBuildFile; fileRef = A64C2E7A28F911B8002FD64C /* EtherNumberFormatter.swift */; };
		A64C2E7D28F911D1002FD64C /* EthereumUnit.swift in Sources */ = {isa = PBXBuildFile; fileRef = A64C2E7C28F911D1002FD64C /* EthereumUnit.swift */; };
		A64C2E8C28F91540002FD64C /* BigInt+.swift in Sources */ = {isa = PBXBuildFile; fileRef = A64C2E8B28F91540002FD64C /* BigInt+.swift */; };
		A64C2E9128F9166C002FD64C /* StringFormatter.swift in Sources */ = {isa = PBXBuildFile; fileRef = A64C2E9028F9166C002FD64C /* StringFormatter.swift */; };
		A66846162908EA60006BBE29 /* Collection+.swift in Sources */ = {isa = PBXBuildFile; fileRef = A66846152908EA60006BBE29 /* Collection+.swift */; };
		A668BFD7292CC554001A110D /* URL+.swift in Sources */ = {isa = PBXBuildFile; fileRef = A668BFD6292CC554001A110D /* URL+.swift */; };
		A668BFDB292CC6E1001A110D /* DateFormatterUtil.swift in Sources */ = {isa = PBXBuildFile; fileRef = A668BFDA292CC6E1001A110D /* DateFormatterUtil.swift */; };
		A6B1FD0828F69EC500894DCB /* Storage.swift in Sources */ = {isa = PBXBuildFile; fileRef = A6B1FD0728F69EC500894DCB /* Storage.swift */; };
		A6B1FD1728F6B40800894DCB /* UIScreen+statusBar.swift in Sources */ = {isa = PBXBuildFile; fileRef = A6B1FD1628F6B40800894DCB /* UIScreen+statusBar.swift */; };
		A6B78C88294700CA00FBFCB5 /* UIControl+.swift in Sources */ = {isa = PBXBuildFile; fileRef = A6B78C87294700CA00FBFCB5 /* UIControl+.swift */; };
		A6E433C428F54F6F00782F7D /* Utilities.h in Headers */ = {isa = PBXBuildFile; fileRef = A6E433C328F54F6F00782F7D /* Utilities.h */; settings = {ATTRIBUTES = (Public, ); }; };
		C3A408142923536E008C1220 /* UIColor+.swift in Sources */ = {isa = PBXBuildFile; fileRef = C3A408132923536E008C1220 /* UIColor+.swift */; };
/* End PBXBuildFile section */

/* Begin PBXFileReference section */
		34361B3DFDF550B35AFD80F4 /* Pods-Utilities.release.xcconfig */ = {isa = PBXFileReference; includeInIndex = 1; lastKnownFileType = text.xcconfig; name = "Pods-Utilities.release.xcconfig"; path = "Target Support Files/Pods-Utilities/Pods-Utilities.release.xcconfig"; sourceTree = "<group>"; };
		69F7F536D0AB43CE458A6802 /* Pods-Utilities.debug.xcconfig */ = {isa = PBXFileReference; includeInIndex = 1; lastKnownFileType = text.xcconfig; name = "Pods-Utilities.debug.xcconfig"; path = "Target Support Files/Pods-Utilities/Pods-Utilities.debug.xcconfig"; sourceTree = "<group>"; };
		7A24B6E36190B9757D206062 /* Pods_Utilities.framework */ = {isa = PBXFileReference; explicitFileType = wrapper.framework; includeInIndex = 0; path = Pods_Utilities.framework; sourceTree = BUILT_PRODUCTS_DIR; };
		7E6EBD88290937BD00069B33 /* UIFont+.swift */ = {isa = PBXFileReference; lastKnownFileType = sourcecode.swift; path = "UIFont+.swift"; sourceTree = "<group>"; };
		7EAF4769291B695000BF5D00 /* UICollectionView+register.swift */ = {isa = PBXFileReference; fileEncoding = 4; lastKnownFileType = sourcecode.swift; path = "UICollectionView+register.swift"; sourceTree = "<group>"; };
		7EAF4770291B6C1000BF5D00 /* BaseModule.framework */ = {isa = PBXFileReference; explicitFileType = wrapper.framework; path = BaseModule.framework; sourceTree = BUILT_PRODUCTS_DIR; };
		7EB129B32938B1AF00CE6D1C /* NSObject+.swift */ = {isa = PBXFileReference; lastKnownFileType = sourcecode.swift; path = "NSObject+.swift"; sourceTree = "<group>"; };
		7ECC45C52939B07100B37D30 /* Images.swift */ = {isa = PBXFileReference; lastKnownFileType = sourcecode.swift; path = Images.swift; sourceTree = "<group>"; };
		7ECC45C72939B47700B37D30 /* Assets.xcassets */ = {isa = PBXFileReference; lastKnownFileType = folder.assetcatalog; path = Assets.xcassets; sourceTree = "<group>"; };
		7EF91080295ADF40001B9853 /* UIDevice+.swift */ = {isa = PBXFileReference; lastKnownFileType = sourcecode.swift; path = "UIDevice+.swift"; sourceTree = "<group>"; };
		A64C2DE428F6D57A002FD64C /* BaseXibView.swift */ = {isa = PBXFileReference; lastKnownFileType = sourcecode.swift; path = BaseXibView.swift; sourceTree = "<group>"; };
		A64C2DF928F6D657002FD64C /* NumberFormatUtils.swift */ = {isa = PBXFileReference; lastKnownFileType = sourcecode.swift; path = NumberFormatUtils.swift; sourceTree = "<group>"; };
		A64C2E0028F6D833002FD64C /* UIViewController+nib.swift */ = {isa = PBXFileReference; lastKnownFileType = sourcecode.swift; path = "UIViewController+nib.swift"; sourceTree = "<group>"; };
		A64C2E0228F6D845002FD64C /* UITableView+register.swift */ = {isa = PBXFileReference; lastKnownFileType = sourcecode.swift; path = "UITableView+register.swift"; sourceTree = "<group>"; };
		A64C2E0428F6F159002FD64C /* Observable.swift */ = {isa = PBXFileReference; lastKnownFileType = sourcecode.swift; path = Observable.swift; sourceTree = "<group>"; };
		A64C2E1728F6F95B002FD64C /* UIView+accessiblityID.swift */ = {isa = PBXFileReference; lastKnownFileType = sourcecode.swift; path = "UIView+accessiblityID.swift"; sourceTree = "<group>"; };
		A64C2E1928F6F9EC002FD64C /* UIImage+kf.swift */ = {isa = PBXFileReference; lastKnownFileType = sourcecode.swift; path = "UIImage+kf.swift"; sourceTree = "<group>"; };
		A64C2E4128F7F3FE002FD64C /* UIView+.swift */ = {isa = PBXFileReference; lastKnownFileType = sourcecode.swift; path = "UIView+.swift"; sourceTree = "<group>"; };
		A64C2E4328F7F58A002FD64C /* CAGradientLayer+.swift */ = {isa = PBXFileReference; lastKnownFileType = sourcecode.swift; path = "CAGradientLayer+.swift"; sourceTree = "<group>"; };
		A64C2E4828F7F938002FD64C /* UIButton.swift */ = {isa = PBXFileReference; lastKnownFileType = sourcecode.swift; path = UIButton.swift; sourceTree = "<group>"; };
		A64C2E5228F8121F002FD64C /* UITextField+.swift */ = {isa = PBXFileReference; lastKnownFileType = sourcecode.swift; path = "UITextField+.swift"; sourceTree = "<group>"; };
		A64C2E5C28F8779C002FD64C /* JSONDictionary.swift */ = {isa = PBXFileReference; lastKnownFileType = sourcecode.swift; path = JSONDictionary.swift; sourceTree = "<group>"; };
		A64C2E6728F87EF2002FD64C /* String+.swift */ = {isa = PBXFileReference; lastKnownFileType = sourcecode.swift; path = "String+.swift"; sourceTree = "<group>"; };
		A64C2E7228F91051002FD64C /* Error+pretty.swift */ = {isa = PBXFileReference; lastKnownFileType = sourcecode.swift; path = "Error+pretty.swift"; sourceTree = "<group>"; };
		A64C2E7628F9113C002FD64C /* String+number.swift */ = {isa = PBXFileReference; lastKnownFileType = sourcecode.swift; path = "String+number.swift"; sourceTree = "<group>"; };
		A64C2E7828F91165002FD64C /* Data+hex.swift */ = {isa = PBXFileReference; lastKnownFileType = sourcecode.swift; path = "Data+hex.swift"; sourceTree = "<group>"; };
		A64C2E7A28F911B8002FD64C /* EtherNumberFormatter.swift */ = {isa = PBXFileReference; lastKnownFileType = sourcecode.swift; path = EtherNumberFormatter.swift; sourceTree = "<group>"; };
		A64C2E7C28F911D1002FD64C /* EthereumUnit.swift */ = {isa = PBXFileReference; lastKnownFileType = sourcecode.swift; path = EthereumUnit.swift; sourceTree = "<group>"; };
		A64C2E8B28F91540002FD64C /* BigInt+.swift */ = {isa = PBXFileReference; lastKnownFileType = sourcecode.swift; path = "BigInt+.swift"; sourceTree = "<group>"; };
		A64C2E9028F9166C002FD64C /* StringFormatter.swift */ = {isa = PBXFileReference; lastKnownFileType = sourcecode.swift; path = StringFormatter.swift; sourceTree = "<group>"; };
		A66846152908EA60006BBE29 /* Collection+.swift */ = {isa = PBXFileReference; lastKnownFileType = sourcecode.swift; path = "Collection+.swift"; sourceTree = "<group>"; };
		A668BFD6292CC554001A110D /* URL+.swift */ = {isa = PBXFileReference; lastKnownFileType = sourcecode.swift; path = "URL+.swift"; sourceTree = "<group>"; };
		A668BFDA292CC6E1001A110D /* DateFormatterUtil.swift */ = {isa = PBXFileReference; lastKnownFileType = sourcecode.swift; path = DateFormatterUtil.swift; sourceTree = "<group>"; };
		A6B1FD0728F69EC500894DCB /* Storage.swift */ = {isa = PBXFileReference; lastKnownFileType = sourcecode.swift; path = Storage.swift; sourceTree = "<group>"; };
		A6B1FD1628F6B40800894DCB /* UIScreen+statusBar.swift */ = {isa = PBXFileReference; lastKnownFileType = sourcecode.swift; path = "UIScreen+statusBar.swift"; sourceTree = "<group>"; };
		A6B78C87294700CA00FBFCB5 /* UIControl+.swift */ = {isa = PBXFileReference; lastKnownFileType = sourcecode.swift; path = "UIControl+.swift"; sourceTree = "<group>"; };
		A6E433C028F54F6F00782F7D /* Utilities.framework */ = {isa = PBXFileReference; explicitFileType = wrapper.framework; includeInIndex = 0; path = Utilities.framework; sourceTree = BUILT_PRODUCTS_DIR; };
		A6E433C328F54F6F00782F7D /* Utilities.h */ = {isa = PBXFileReference; lastKnownFileType = sourcecode.c.h; path = Utilities.h; sourceTree = "<group>"; };
		C3A408132923536E008C1220 /* UIColor+.swift */ = {isa = PBXFileReference; lastKnownFileType = sourcecode.swift; path = "UIColor+.swift"; sourceTree = "<group>"; };
/* End PBXFileReference section */

/* Begin PBXFrameworksBuildPhase section */
		A6E433BD28F54F6F00782F7D /* Frameworks */ = {
			isa = PBXFrameworksBuildPhase;
			buildActionMask = 2147483647;
			files = (
				7AF0F9DD3CC978A37BF121EA /* Pods_Utilities.framework in Frameworks */,
			);
			runOnlyForDeploymentPostprocessing = 0;
		};
/* End PBXFrameworksBuildPhase section */

/* Begin PBXGroup section */
		7F7C70757ECA9B7DB41E3F54 /* Pods */ = {
			isa = PBXGroup;
			children = (
				69F7F536D0AB43CE458A6802 /* Pods-Utilities.debug.xcconfig */,
				34361B3DFDF550B35AFD80F4 /* Pods-Utilities.release.xcconfig */,
			);
			name = Pods;
			path = ../Pods;
			sourceTree = "<group>";
		};
		A64C2DF828F6D64D002FD64C /* Utils */ = {
			isa = PBXGroup;
			children = (
				A64C2DF928F6D657002FD64C /* NumberFormatUtils.swift */,
				A64C2E9028F9166C002FD64C /* StringFormatter.swift */,
				A64C2E7A28F911B8002FD64C /* EtherNumberFormatter.swift */,
				A668BFDA292CC6E1001A110D /* DateFormatterUtil.swift */,
			);
			path = Utils;
			sourceTree = "<group>";
		};
		A6B1FD0628F69EBB00894DCB /* Helpers */ = {
			isa = PBXGroup;
			children = (
				A6B1FD0728F69EC500894DCB /* Storage.swift */,
				A64C2DE428F6D57A002FD64C /* BaseXibView.swift */,
				A64C2E5C28F8779C002FD64C /* JSONDictionary.swift */,
				A64C2E7C28F911D1002FD64C /* EthereumUnit.swift */,
				7ECC45C52939B07100B37D30 /* Images.swift */,
			);
			path = Helpers;
			sourceTree = "<group>";
		};
		A6B1FD1528F6B3F100894DCB /* Extensions */ = {
			isa = PBXGroup;
			children = (
				7EAF4769291B695000BF5D00 /* UICollectionView+register.swift */,
				A6B1FD1628F6B40800894DCB /* UIScreen+statusBar.swift */,
				A64C2E0028F6D833002FD64C /* UIViewController+nib.swift */,
				A64C2E0228F6D845002FD64C /* UITableView+register.swift */,
				A64C2E0428F6F159002FD64C /* Observable.swift */,
				A64C2E1728F6F95B002FD64C /* UIView+accessiblityID.swift */,
				A64C2E1928F6F9EC002FD64C /* UIImage+kf.swift */,
				A64C2E4128F7F3FE002FD64C /* UIView+.swift */,
				A64C2E4328F7F58A002FD64C /* CAGradientLayer+.swift */,
				A64C2E4828F7F938002FD64C /* UIButton.swift */,
				A64C2E5228F8121F002FD64C /* UITextField+.swift */,
				A64C2E6728F87EF2002FD64C /* String+.swift */,
				A64C2E7228F91051002FD64C /* Error+pretty.swift */,
				A64C2E7628F9113C002FD64C /* String+number.swift */,
				A64C2E7828F91165002FD64C /* Data+hex.swift */,
				A64C2E8B28F91540002FD64C /* BigInt+.swift */,
				A66846152908EA60006BBE29 /* Collection+.swift */,
				7E6EBD88290937BD00069B33 /* UIFont+.swift */,
				C3A408132923536E008C1220 /* UIColor+.swift */,
				A668BFD6292CC554001A110D /* URL+.swift */,
				7EB129B32938B1AF00CE6D1C /* NSObject+.swift */,
				A6B78C87294700CA00FBFCB5 /* UIControl+.swift */,
				7EF91080295ADF40001B9853 /* UIDevice+.swift */,
			);
			path = Extensions;
			sourceTree = "<group>";
		};
		A6E433B628F54F6F00782F7D = {
			isa = PBXGroup;
			children = (
				A6E433C228F54F6F00782F7D /* Utilities */,
				A6E433C128F54F6F00782F7D /* Products */,
				7F7C70757ECA9B7DB41E3F54 /* Pods */,
				AFDE4E7B70A8BD4DF6A3B3A6 /* Frameworks */,
			);
			sourceTree = "<group>";
		};
		A6E433C128F54F6F00782F7D /* Products */ = {
			isa = PBXGroup;
			children = (
				A6E433C028F54F6F00782F7D /* Utilities.framework */,
			);
			name = Products;
			sourceTree = "<group>";
		};
		A6E433C228F54F6F00782F7D /* Utilities */ = {
			isa = PBXGroup;
			children = (
				A64C2DF828F6D64D002FD64C /* Utils */,
				A6B1FD1528F6B3F100894DCB /* Extensions */,
				A6B1FD0628F69EBB00894DCB /* Helpers */,
				A6E433C328F54F6F00782F7D /* Utilities.h */,
				7ECC45C72939B47700B37D30 /* Assets.xcassets */,
			);
			path = Utilities;
			sourceTree = "<group>";
		};
		AFDE4E7B70A8BD4DF6A3B3A6 /* Frameworks */ = {
			isa = PBXGroup;
			children = (
				7EAF4770291B6C1000BF5D00 /* BaseModule.framework */,
				7A24B6E36190B9757D206062 /* Pods_Utilities.framework */,
			);
			name = Frameworks;
			sourceTree = "<group>";
		};
/* End PBXGroup section */

/* Begin PBXHeadersBuildPhase section */
		A6E433BB28F54F6F00782F7D /* Headers */ = {
			isa = PBXHeadersBuildPhase;
			buildActionMask = 2147483647;
			files = (
				A6E433C428F54F6F00782F7D /* Utilities.h in Headers */,
			);
			runOnlyForDeploymentPostprocessing = 0;
		};
/* End PBXHeadersBuildPhase section */

/* Begin PBXNativeTarget section */
		A6E433BF28F54F6F00782F7D /* Utilities */ = {
			isa = PBXNativeTarget;
			buildConfigurationList = A6E433C728F54F6F00782F7D /* Build configuration list for PBXNativeTarget "Utilities" */;
			buildPhases = (
				A34707DFCEA45B612884F2AC /* [CP] Check Pods Manifest.lock */,
				A6E433BB28F54F6F00782F7D /* Headers */,
				A6E433BC28F54F6F00782F7D /* Sources */,
				A6E433BD28F54F6F00782F7D /* Frameworks */,
				A6E433BE28F54F6F00782F7D /* Resources */,
			);
			buildRules = (
			);
			dependencies = (
			);
			name = Utilities;
			productName = Utilities;
			productReference = A6E433C028F54F6F00782F7D /* Utilities.framework */;
			productType = "com.apple.product-type.framework";
		};
/* End PBXNativeTarget section */

/* Begin PBXProject section */
		A6E433B728F54F6F00782F7D /* Project object */ = {
			isa = PBXProject;
			attributes = {
				BuildIndependentTargetsInParallel = 1;
				LastUpgradeCheck = 1340;
				TargetAttributes = {
					A6E433BF28F54F6F00782F7D = {
						CreatedOnToolsVersion = 13.4;
						LastSwiftMigration = 1340;
					};
				};
			};
			buildConfigurationList = A6E433BA28F54F6F00782F7D /* Build configuration list for PBXProject "Utilities" */;
			compatibilityVersion = "Xcode 13.0";
			developmentRegion = en;
			hasScannedForEncodings = 0;
			knownRegions = (
				en,
				Base,
			);
			mainGroup = A6E433B628F54F6F00782F7D;
			productRefGroup = A6E433C128F54F6F00782F7D /* Products */;
			projectDirPath = "";
			projectRoot = "";
			targets = (
				A6E433BF28F54F6F00782F7D /* Utilities */,
			);
		};
/* End PBXProject section */

/* Begin PBXResourcesBuildPhase section */
		A6E433BE28F54F6F00782F7D /* Resources */ = {
			isa = PBXResourcesBuildPhase;
			buildActionMask = 2147483647;
			files = (
				7ECC45C82939B47700B37D30 /* Assets.xcassets in Resources */,
			);
			runOnlyForDeploymentPostprocessing = 0;
		};
/* End PBXResourcesBuildPhase section */

/* Begin PBXShellScriptBuildPhase section */
		A34707DFCEA45B612884F2AC /* [CP] Check Pods Manifest.lock */ = {
			isa = PBXShellScriptBuildPhase;
			buildActionMask = 2147483647;
			files = (
			);
			inputFileListPaths = (
			);
			inputPaths = (
				"${PODS_PODFILE_DIR_PATH}/Podfile.lock",
				"${PODS_ROOT}/Manifest.lock",
			);
			name = "[CP] Check Pods Manifest.lock";
			outputFileListPaths = (
			);
			outputPaths = (
				"$(DERIVED_FILE_DIR)/Pods-Utilities-checkManifestLockResult.txt",
			);
			runOnlyForDeploymentPostprocessing = 0;
			shellPath = /bin/sh;
			shellScript = "diff \"${PODS_PODFILE_DIR_PATH}/Podfile.lock\" \"${PODS_ROOT}/Manifest.lock\" > /dev/null\nif [ $? != 0 ] ; then\n    # print error to STDERR\n    echo \"error: The sandbox is not in sync with the Podfile.lock. Run 'pod install' or update your CocoaPods installation.\" >&2\n    exit 1\nfi\n# This output is used by Xcode 'outputs' to avoid re-running this script phase.\necho \"SUCCESS\" > \"${SCRIPT_OUTPUT_FILE_0}\"\n";
			showEnvVarsInLog = 0;
		};
/* End PBXShellScriptBuildPhase section */

/* Begin PBXSourcesBuildPhase section */
		A6E433BC28F54F6F00782F7D /* Sources */ = {
			isa = PBXSourcesBuildPhase;
			buildActionMask = 2147483647;
			files = (
				A64C2E7D28F911D1002FD64C /* EthereumUnit.swift in Sources */,
				A668BFD7292CC554001A110D /* URL+.swift in Sources */,
				A64C2E0128F6D833002FD64C /* UIViewController+nib.swift in Sources */,
				7EF91081295ADF40001B9853 /* UIDevice+.swift in Sources */,
				A64C2E5328F8121F002FD64C /* UITextField+.swift in Sources */,
				A6B1FD0828F69EC500894DCB /* Storage.swift in Sources */,
				A64C2E7928F91165002FD64C /* Data+hex.swift in Sources */,
				A668BFDB292CC6E1001A110D /* DateFormatterUtil.swift in Sources */,
				7ECC45C62939B07100B37D30 /* Images.swift in Sources */,
				A64C2E0328F6D845002FD64C /* UITableView+register.swift in Sources */,
				7EAF476A291B695000BF5D00 /* UICollectionView+register.swift in Sources */,
				A64C2E7728F9113C002FD64C /* String+number.swift in Sources */,
				A64C2E0528F6F159002FD64C /* Observable.swift in Sources */,
				A64C2E4228F7F3FE002FD64C /* UIView+.swift in Sources */,
				A64C2E9128F9166C002FD64C /* StringFormatter.swift in Sources */,
				A64C2DFA28F6D657002FD64C /* NumberFormatUtils.swift in Sources */,
				7E6EBD89290937BD00069B33 /* UIFont+.swift in Sources */,
				A64C2E6828F87EF2002FD64C /* String+.swift in Sources */,
				A64C2DE528F6D57A002FD64C /* BaseXibView.swift in Sources */,
				A64C2E7B28F911B8002FD64C /* EtherNumberFormatter.swift in Sources */,
				A64C2E8C28F91540002FD64C /* BigInt+.swift in Sources */,
				A66846162908EA60006BBE29 /* Collection+.swift in Sources */,
				A64C2E4428F7F58A002FD64C /* CAGradientLayer+.swift in Sources */,
				A64C2E7328F91051002FD64C /* Error+pretty.swift in Sources */,
				7EB129B42938B1AF00CE6D1C /* NSObject+.swift in Sources */,
				A64C2E1828F6F95B002FD64C /* UIView+accessiblityID.swift in Sources */,
				A6B1FD1728F6B40800894DCB /* UIScreen+statusBar.swift in Sources */,
				A64C2E5D28F8779C002FD64C /* JSONDictionary.swift in Sources */,
				A6B78C88294700CA00FBFCB5 /* UIControl+.swift in Sources */,
				C3A408142923536E008C1220 /* UIColor+.swift in Sources */,
				A64C2E1A28F6F9EC002FD64C /* UIImage+kf.swift in Sources */,
				A64C2E4928F7F938002FD64C /* UIButton.swift in Sources */,
			);
			runOnlyForDeploymentPostprocessing = 0;
		};
/* End PBXSourcesBuildPhase section */

/* Begin XCBuildConfiguration section */
		A6E433C528F54F6F00782F7D /* Debug */ = {
			isa = XCBuildConfiguration;
			buildSettings = {
				ALWAYS_SEARCH_USER_PATHS = NO;
				CLANG_ANALYZER_NONNULL = YES;
				CLANG_ANALYZER_NUMBER_OBJECT_CONVERSION = YES_AGGRESSIVE;
				CLANG_CXX_LANGUAGE_STANDARD = "gnu++17";
				CLANG_ENABLE_MODULES = YES;
				CLANG_ENABLE_OBJC_ARC = YES;
				CLANG_ENABLE_OBJC_WEAK = YES;
				CLANG_WARN_BLOCK_CAPTURE_AUTORELEASING = YES;
				CLANG_WARN_BOOL_CONVERSION = YES;
				CLANG_WARN_COMMA = YES;
				CLANG_WARN_CONSTANT_CONVERSION = YES;
				CLANG_WARN_DEPRECATED_OBJC_IMPLEMENTATIONS = YES;
				CLANG_WARN_DIRECT_OBJC_ISA_USAGE = YES_ERROR;
				CLANG_WARN_DOCUMENTATION_COMMENTS = YES;
				CLANG_WARN_EMPTY_BODY = YES;
				CLANG_WARN_ENUM_CONVERSION = YES;
				CLANG_WARN_INFINITE_RECURSION = YES;
				CLANG_WARN_INT_CONVERSION = YES;
				CLANG_WARN_NON_LITERAL_NULL_CONVERSION = YES;
				CLANG_WARN_OBJC_IMPLICIT_RETAIN_SELF = YES;
				CLANG_WARN_OBJC_LITERAL_CONVERSION = YES;
				CLANG_WARN_OBJC_ROOT_CLASS = YES_ERROR;
				CLANG_WARN_QUOTED_INCLUDE_IN_FRAMEWORK_HEADER = YES;
				CLANG_WARN_RANGE_LOOP_ANALYSIS = YES;
				CLANG_WARN_STRICT_PROTOTYPES = YES;
				CLANG_WARN_SUSPICIOUS_MOVE = YES;
				CLANG_WARN_UNGUARDED_AVAILABILITY = YES_AGGRESSIVE;
				CLANG_WARN_UNREACHABLE_CODE = YES;
				CLANG_WARN__DUPLICATE_METHOD_MATCH = YES;
				COPY_PHASE_STRIP = NO;
				CURRENT_PROJECT_VERSION = 1;
				DEBUG_INFORMATION_FORMAT = dwarf;
				ENABLE_STRICT_OBJC_MSGSEND = YES;
				ENABLE_TESTABILITY = YES;
				GCC_C_LANGUAGE_STANDARD = gnu11;
				GCC_DYNAMIC_NO_PIC = NO;
				GCC_NO_COMMON_BLOCKS = YES;
				GCC_OPTIMIZATION_LEVEL = 0;
				GCC_PREPROCESSOR_DEFINITIONS = (
					"DEBUG=1",
					"$(inherited)",
				);
				GCC_WARN_64_TO_32_BIT_CONVERSION = YES;
				GCC_WARN_ABOUT_RETURN_TYPE = YES_ERROR;
				GCC_WARN_UNDECLARED_SELECTOR = YES;
				GCC_WARN_UNINITIALIZED_AUTOS = YES_AGGRESSIVE;
				GCC_WARN_UNUSED_FUNCTION = YES;
				GCC_WARN_UNUSED_VARIABLE = YES;
				IPHONEOS_DEPLOYMENT_TARGET = 15.5;
				MTL_ENABLE_DEBUG_INFO = INCLUDE_SOURCE;
				MTL_FAST_MATH = YES;
				ONLY_ACTIVE_ARCH = YES;
				SDKROOT = iphoneos;
				SWIFT_ACTIVE_COMPILATION_CONDITIONS = DEBUG;
				SWIFT_OPTIMIZATION_LEVEL = "-Onone";
				VERSIONING_SYSTEM = "apple-generic";
				VERSION_INFO_PREFIX = "";
			};
			name = Debug;
		};
		A6E433C628F54F6F00782F7D /* Release */ = {
			isa = XCBuildConfiguration;
			buildSettings = {
				ALWAYS_SEARCH_USER_PATHS = NO;
				CLANG_ANALYZER_NONNULL = YES;
				CLANG_ANALYZER_NUMBER_OBJECT_CONVERSION = YES_AGGRESSIVE;
				CLANG_CXX_LANGUAGE_STANDARD = "gnu++17";
				CLANG_ENABLE_MODULES = YES;
				CLANG_ENABLE_OBJC_ARC = YES;
				CLANG_ENABLE_OBJC_WEAK = YES;
				CLANG_WARN_BLOCK_CAPTURE_AUTORELEASING = YES;
				CLANG_WARN_BOOL_CONVERSION = YES;
				CLANG_WARN_COMMA = YES;
				CLANG_WARN_CONSTANT_CONVERSION = YES;
				CLANG_WARN_DEPRECATED_OBJC_IMPLEMENTATIONS = YES;
				CLANG_WARN_DIRECT_OBJC_ISA_USAGE = YES_ERROR;
				CLANG_WARN_DOCUMENTATION_COMMENTS = YES;
				CLANG_WARN_EMPTY_BODY = YES;
				CLANG_WARN_ENUM_CONVERSION = YES;
				CLANG_WARN_INFINITE_RECURSION = YES;
				CLANG_WARN_INT_CONVERSION = YES;
				CLANG_WARN_NON_LITERAL_NULL_CONVERSION = YES;
				CLANG_WARN_OBJC_IMPLICIT_RETAIN_SELF = YES;
				CLANG_WARN_OBJC_LITERAL_CONVERSION = YES;
				CLANG_WARN_OBJC_ROOT_CLASS = YES_ERROR;
				CLANG_WARN_QUOTED_INCLUDE_IN_FRAMEWORK_HEADER = YES;
				CLANG_WARN_RANGE_LOOP_ANALYSIS = YES;
				CLANG_WARN_STRICT_PROTOTYPES = YES;
				CLANG_WARN_SUSPICIOUS_MOVE = YES;
				CLANG_WARN_UNGUARDED_AVAILABILITY = YES_AGGRESSIVE;
				CLANG_WARN_UNREACHABLE_CODE = YES;
				CLANG_WARN__DUPLICATE_METHOD_MATCH = YES;
				COPY_PHASE_STRIP = NO;
				CURRENT_PROJECT_VERSION = 1;
				DEBUG_INFORMATION_FORMAT = "dwarf-with-dsym";
				ENABLE_NS_ASSERTIONS = NO;
				ENABLE_STRICT_OBJC_MSGSEND = YES;
				GCC_C_LANGUAGE_STANDARD = gnu11;
				GCC_NO_COMMON_BLOCKS = YES;
				GCC_WARN_64_TO_32_BIT_CONVERSION = YES;
				GCC_WARN_ABOUT_RETURN_TYPE = YES_ERROR;
				GCC_WARN_UNDECLARED_SELECTOR = YES;
				GCC_WARN_UNINITIALIZED_AUTOS = YES_AGGRESSIVE;
				GCC_WARN_UNUSED_FUNCTION = YES;
				GCC_WARN_UNUSED_VARIABLE = YES;
				IPHONEOS_DEPLOYMENT_TARGET = 15.5;
				MTL_ENABLE_DEBUG_INFO = NO;
				MTL_FAST_MATH = YES;
				SDKROOT = iphoneos;
				SWIFT_COMPILATION_MODE = wholemodule;
				SWIFT_OPTIMIZATION_LEVEL = "-O";
				VALIDATE_PRODUCT = YES;
				VERSIONING_SYSTEM = "apple-generic";
				VERSION_INFO_PREFIX = "";
			};
			name = Release;
		};
		A6E433C828F54F6F00782F7D /* Debug */ = {
			isa = XCBuildConfiguration;
			baseConfigurationReference = 69F7F536D0AB43CE458A6802 /* Pods-Utilities.debug.xcconfig */;
			buildSettings = {
				CLANG_ENABLE_MODULES = YES;
				CODE_SIGN_STYLE = Automatic;
				CURRENT_PROJECT_VERSION = 1;
				DEFINES_MODULE = YES;
				DEVELOPMENT_TEAM = G9CRYMTLBL;
				DYLIB_COMPATIBILITY_VERSION = 1;
				DYLIB_CURRENT_VERSION = 1;
				DYLIB_INSTALL_NAME_BASE = "@rpath";
				GENERATE_INFOPLIST_FILE = YES;
				INFOPLIST_KEY_NSHumanReadableCopyright = "";
				INSTALL_PATH = "$(LOCAL_LIBRARY_DIR)/Frameworks";
				IPHONEOS_DEPLOYMENT_TARGET = 12.0;
				LD_RUNPATH_SEARCH_PATHS = (
					"$(inherited)",
					"@executable_path/Frameworks",
					"@loader_path/Frameworks",
				);
				MARKETING_VERSION = 1.0.0;
				PRODUCT_BUNDLE_IDENTIFIER = com.kyrd.krystal.ios.utilities;
				PRODUCT_NAME = "$(TARGET_NAME:c99extidentifier)";
				SKIP_INSTALL = YES;
				SUPPORTS_MACCATALYST = NO;
				SWIFT_EMIT_LOC_STRINGS = YES;
				SWIFT_OPTIMIZATION_LEVEL = "-Onone";
				SWIFT_VERSION = 4.2;
				TARGETED_DEVICE_FAMILY = "1,2";
			};
			name = Debug;
		};
		A6E433C928F54F6F00782F7D /* Release */ = {
			isa = XCBuildConfiguration;
			baseConfigurationReference = 34361B3DFDF550B35AFD80F4 /* Pods-Utilities.release.xcconfig */;
			buildSettings = {
				CLANG_ENABLE_MODULES = YES;
				CODE_SIGN_STYLE = Automatic;
				CURRENT_PROJECT_VERSION = 1;
				DEFINES_MODULE = YES;
				DEVELOPMENT_TEAM = G9CRYMTLBL;
				DYLIB_COMPATIBILITY_VERSION = 1;
				DYLIB_CURRENT_VERSION = 1;
				DYLIB_INSTALL_NAME_BASE = "@rpath";
				GENERATE_INFOPLIST_FILE = YES;
				INFOPLIST_KEY_NSHumanReadableCopyright = "";
				INSTALL_PATH = "$(LOCAL_LIBRARY_DIR)/Frameworks";
				IPHONEOS_DEPLOYMENT_TARGET = 12.0;
				LD_RUNPATH_SEARCH_PATHS = (
					"$(inherited)",
					"@executable_path/Frameworks",
					"@loader_path/Frameworks",
				);
				MARKETING_VERSION = 1.0.0;
				PRODUCT_BUNDLE_IDENTIFIER = com.kyrd.krystal.ios.utilities;
				PRODUCT_NAME = "$(TARGET_NAME:c99extidentifier)";
				SKIP_INSTALL = YES;
				SUPPORTS_MACCATALYST = NO;
				SWIFT_EMIT_LOC_STRINGS = YES;
				SWIFT_VERSION = 4.2;
				TARGETED_DEVICE_FAMILY = "1,2";
			};
			name = Release;
		};
/* End XCBuildConfiguration section */

/* Begin XCConfigurationList section */
		A6E433BA28F54F6F00782F7D /* Build configuration list for PBXProject "Utilities" */ = {
			isa = XCConfigurationList;
			buildConfigurations = (
				A6E433C528F54F6F00782F7D /* Debug */,
				A6E433C628F54F6F00782F7D /* Release */,
			);
			defaultConfigurationIsVisible = 0;
			defaultConfigurationName = Release;
		};
		A6E433C728F54F6F00782F7D /* Build configuration list for PBXNativeTarget "Utilities" */ = {
			isa = XCConfigurationList;
			buildConfigurations = (
				A6E433C828F54F6F00782F7D /* Debug */,
				A6E433C928F54F6F00782F7D /* Release */,
			);
			defaultConfigurationIsVisible = 0;
			defaultConfigurationName = Release;
		};
/* End XCConfigurationList section */
	};
	rootObject = A6E433B728F54F6F00782F7D /* Project object */;
}
